{
  "version": 4,
  "terraform_version": "1.9.5",
  "serial": 334,
  "lineage": "e23976b5-6307-af6a-7541-c7ba39174d6c",
  "outputs": {
    "api_gateway_url": {
      "value": "https://rgwh1nruq7.execute-api.us-west-2.amazonaws.com/prod",
      "type": "string"
    },
    "deployment_urls": {
      "value": {
        "api_url": "https://rgwh1nruq7.execute-api.us-west-2.amazonaws.com/prod",
        "frontend_bucket": "vdt-web-0xwzdd",
        "frontend_url": "http://vdt-web-0xwzdd.s3-website-us-west-2.amazonaws.com",
        "upload_bucket": "vdt-uploads-0xwzdd",
        "websocket_url": "wss://ufdrenitih.execute-api.us-west-2.amazonaws.com/prod"
      },
      "type": [
        "object",
        {
          "api_url": "string",
          "frontend_bucket": "string",
          "frontend_url": "string",
          "upload_bucket": "string",
          "websocket_url": "string"
        }
      ]
    },
    "websocket_api_url": {
      "value": "wss://ufdrenitih.execute-api.us-west-2.amazonaws.com/prod",
      "type": "string"
    }
  },
  "resources": [
    {
      "mode": "data",
      "type": "archive_file",
      "name": "lambda_zip",
      "provider": "provider[\"registry.terraform.io/hashicorp/archive\"]",
      "instances": [
        {
          "schema_version": 0,
          "attributes": {
            "exclude_symlink_directories": null,
            "excludes": null,
            "id": "312ec6ce15fdc469c9903cc3b4041f0c89c275cd",
            "output_base64sha256": "UJO9CGJhvb8Po5Km1ZZV7gw1I3Ul3ufZ9CZ60ApTP7I=",
            "output_base64sha512": "/zKQNry6tHRKVqLhLN+xMknNILTSNtGQ2Y8WLtlnoHd/gnEo4q//tHKZxBhW2jrzcY6c56BTfD8g5cgVzA0jpg==",
            "output_file_mode": null,
            "output_md5": "f6f41b3d574c2c8496e7834214318424",
            "output_path": "./lambda_functions.zip",
            "output_sha": "312ec6ce15fdc469c9903cc3b4041f0c89c275cd",
            "output_sha256": "5093bd086261bdbf0fa392a6d59655ee0c35237525dee7d9f4267ad00a533fb2",
            "output_sha512": "ff329036bcbab4744a56a2e12cdfb13249cd20b4d236d190d98f162ed967a0777f827128e2afffb47299c41856da3af3718e9ce7a0537c3f20e5c815cc0d23a6",
            "output_size": 12723,
            "source": [],
            "source_content": null,
            "source_content_filename": null,
            "source_dir": "./lambda",
            "source_file": null,
            "type": "zip"
          },
          "sensitive_attributes": []
        }
      ]
    },
    {
      "mode": "managed",
      "type": "aws_api_gateway_deployment",
      "name": "video_api_deployment",
      "provider": "provider[\"registry.terraform.io/hashicorp/aws\"]",
      "instances": [
        {
          "schema_version": 0,
          "attributes": {
            "canary_settings": [],
            "created_date": "2025-11-05T19:18:25Z",
            "description": "",
            "execution_arn": "arn:aws:execute-api:us-west-2:851725642392:rgwh1nruq7/",
            "id": "3zzfkb",
            "invoke_url": "https://rgwh1nruq7.execute-api.us-west-2.amazonaws.com/",
            "rest_api_id": "rgwh1nruq7",
            "stage_description": null,
            "stage_name": null,
            "triggers": {
              "redeployment": "4a84d76c02ab7216f2116b569ecafce72f4aa626"
            },
            "variables": null
          },
          "sensitive_attributes": [],
          "private": "bnVsbA==",
          "dependencies": [
            "aws_api_gateway_integration.upload_url_integration",
            "aws_api_gateway_integration.upload_url_options_integration",
            "aws_api_gateway_integration_response.upload_url_integration_response",
            "aws_api_gateway_integration_response.upload_url_options_integration_response",
            "aws_api_gateway_method.upload_url_options",
            "aws_api_gateway_method.upload_url_post",
            "aws_api_gateway_method_response.upload_url_options_response_200",
            "aws_api_gateway_method_response.upload_url_response_200",
            "aws_api_gateway_request_validator.upload_validator",
            "aws_api_gateway_resource.upload_url",
            "aws_api_gateway_rest_api.video_api",
            "aws_iam_role.lambda_api_role",
            "aws_lambda_function.presigned_url_generator",
            "aws_s3_bucket.video_uploads",
            "data.archive_file.lambda_zip",
            "random_string.deployment_id"
          ],
          "create_before_destroy": true
        }
      ]
    },
    {
      "mode": "managed",
      "type": "aws_api_gateway_integration",
      "name": "upload_url_integration",
      "provider": "provider[\"registry.terraform.io/hashicorp/aws\"]",
      "instances": [
        {
          "schema_version": 0,
          "attributes": {
            "cache_key_parameters": [],
            "cache_namespace": "4pc6bv",
            "connection_id": "",
            "connection_type": "INTERNET",
            "content_handling": "",
            "credentials": "",
            "http_method": "POST",
            "id": "agi-rgwh1nruq7-4pc6bv-POST",
            "integration_http_method": "POST",
            "passthrough_behavior": "WHEN_NO_MATCH",
            "request_parameters": {},
            "request_templates": {},
            "resource_id": "4pc6bv",
            "rest_api_id": "rgwh1nruq7",
            "timeout_milliseconds": 29000,
            "tls_config": [],
            "type": "AWS_PROXY",
            "uri": "arn:aws:apigateway:us-west-2:lambda:path/2015-03-31/functions/arn:aws:lambda:us-west-2:851725642392:function:vdt-api-generator-0xwzdd/invocations"
          },
          "sensitive_attributes": [],
          "private": "bnVsbA==",
          "dependencies": [
            "aws_api_gateway_method.upload_url_post",
            "aws_api_gateway_request_validator.upload_validator",
            "aws_api_gateway_resource.upload_url",
            "aws_api_gateway_rest_api.video_api",
            "aws_iam_role.lambda_api_role",
            "aws_lambda_function.presigned_url_generator",
            "aws_s3_bucket.video_uploads",
            "data.archive_file.lambda_zip",
            "random_string.deployment_id"
          ],
          "create_before_destroy": true
        }
      ]
    },
    {
      "mode": "managed",
      "type": "aws_api_gateway_integration",
      "name": "upload_url_options_integration",
      "provider": "provider[\"registry.terraform.io/hashicorp/aws\"]",
      "instances": [
        {
          "schema_version": 0,
          "attributes": {
            "cache_key_parameters": [],
            "cache_namespace": "4pc6bv",
            "connection_id": "",
            "connection_type": "INTERNET",
            "content_handling": "",
            "credentials": "",
            "http_method": "OPTIONS",
            "id": "agi-rgwh1nruq7-4pc6bv-OPTIONS",
            "integration_http_method": "",
            "passthrough_behavior": "WHEN_NO_MATCH",
            "request_parameters": {},
            "request_templates": {
              "application/json": "{\"statusCode\":200}"
            },
            "resource_id": "4pc6bv",
            "rest_api_id": "rgwh1nruq7",
            "timeout_milliseconds": 29000,
            "tls_config": [],
            "type": "MOCK",
            "uri": ""
          },
          "sensitive_attributes": [],
          "private": "bnVsbA==",
          "dependencies": [
            "aws_api_gateway_method.upload_url_options",
            "aws_api_gateway_resource.upload_url",
            "aws_api_gateway_rest_api.video_api",
            "random_string.deployment_id"
          ],
          "create_before_destroy": true
        }
      ]
    },
    {
      "mode": "managed",
      "type": "aws_api_gateway_integration_response",
      "name": "upload_url_integration_response",
      "provider": "provider[\"registry.terraform.io/hashicorp/aws\"]",
      "instances": [
        {
          "schema_version": 0,
          "attributes": {
            "content_handling": "",
            "http_method": "POST",
            "id": "agir-rgwh1nruq7-4pc6bv-POST-200",
            "resource_id": "4pc6bv",
            "response_parameters": {
              "method.response.header.Access-Control-Allow-Origin": "'*'"
            },
            "response_templates": {},
            "rest_api_id": "rgwh1nruq7",
            "selection_pattern": "",
            "status_code": "200"
          },
          "sensitive_attributes": [],
          "private": "bnVsbA==",
          "dependencies": [
            "aws_api_gateway_integration.upload_url_integration",
            "aws_api_gateway_method.upload_url_post",
            "aws_api_gateway_method_response.upload_url_response_200",
            "aws_api_gateway_request_validator.upload_validator",
            "aws_api_gateway_resource.upload_url",
            "aws_api_gateway_rest_api.video_api",
            "aws_iam_role.lambda_api_role",
            "aws_lambda_function.presigned_url_generator",
            "aws_s3_bucket.video_uploads",
            "data.archive_file.lambda_zip",
            "random_string.deployment_id"
          ],
          "create_before_destroy": true
        }
      ]
    },
    {
      "mode": "managed",
      "type": "aws_api_gateway_integration_response",
      "name": "upload_url_options_integration_response",
      "provider": "provider[\"registry.terraform.io/hashicorp/aws\"]",
      "instances": [
        {
          "schema_version": 0,
          "attributes": {
            "content_handling": "",
            "http_method": "OPTIONS",
            "id": "agir-rgwh1nruq7-4pc6bv-OPTIONS-200",
            "resource_id": "4pc6bv",
            "response_parameters": {
              "method.response.header.Access-Control-Allow-Headers": "'Content-Type,X-Amz-Date,Authorization,X-Api-Key,X-Amz-Security-Token'",
              "method.response.header.Access-Control-Allow-Methods": "'GET,POST,PUT,DELETE,OPTIONS'",
              "method.response.header.Access-Control-Allow-Origin": "'*'"
            },
            "response_templates": {},
            "rest_api_id": "rgwh1nruq7",
            "selection_pattern": "",
            "status_code": "200"
          },
          "sensitive_attributes": [],
          "private": "bnVsbA==",
          "dependencies": [
            "aws_api_gateway_integration.upload_url_options_integration",
            "aws_api_gateway_method.upload_url_options",
            "aws_api_gateway_method_response.upload_url_options_response_200",
            "aws_api_gateway_resource.upload_url",
            "aws_api_gateway_rest_api.video_api",
            "random_string.deployment_id"
          ],
          "create_before_destroy": true
        }
      ]
    },
    {
      "mode": "managed",
      "type": "aws_api_gateway_method",
      "name": "upload_url_options",
      "provider": "provider[\"registry.terraform.io/hashicorp/aws\"]",
      "instances": [
        {
          "schema_version": 0,
          "attributes": {
            "api_key_required": false,
            "authorization": "NONE",
            "authorization_scopes": [],
            "authorizer_id": "",
            "http_method": "OPTIONS",
            "id": "agm-rgwh1nruq7-4pc6bv-OPTIONS",
            "operation_name": "",
            "request_models": {},
            "request_parameters": {},
            "request_validator_id": "",
            "resource_id": "4pc6bv",
            "rest_api_id": "rgwh1nruq7"
          },
          "sensitive_attributes": [],
          "private": "bnVsbA==",
          "dependencies": [
            "aws_api_gateway_resource.upload_url",
            "aws_api_gateway_rest_api.video_api",
            "random_string.deployment_id"
          ],
          "create_before_destroy": true
        }
      ]
    },
    {
      "mode": "managed",
      "type": "aws_api_gateway_method",
      "name": "upload_url_post",
      "provider": "provider[\"registry.terraform.io/hashicorp/aws\"]",
      "instances": [
        {
          "schema_version": 0,
          "attributes": {
            "api_key_required": false,
            "authorization": "NONE",
            "authorization_scopes": [],
            "authorizer_id": "",
            "http_method": "POST",
            "id": "agm-rgwh1nruq7-4pc6bv-POST",
            "operation_name": "",
            "request_models": {},
            "request_parameters": {},
            "request_validator_id": "8qh98w",
            "resource_id": "4pc6bv",
            "rest_api_id": "rgwh1nruq7"
          },
          "sensitive_attributes": [],
          "private": "bnVsbA==",
          "dependencies": [
            "aws_api_gateway_request_validator.upload_validator",
            "aws_api_gateway_resource.upload_url",
            "aws_api_gateway_rest_api.video_api",
            "random_string.deployment_id"
          ],
          "create_before_destroy": true
        }
      ]
    },
    {
      "mode": "managed",
      "type": "aws_api_gateway_method_response",
      "name": "upload_url_options_response_200",
      "provider": "provider[\"registry.terraform.io/hashicorp/aws\"]",
      "instances": [
        {
          "schema_version": 0,
          "attributes": {
            "http_method": "OPTIONS",
            "id": "agmr-rgwh1nruq7-4pc6bv-OPTIONS-200",
            "resource_id": "4pc6bv",
            "response_models": {},
            "response_parameters": {
              "method.response.header.Access-Control-Allow-Headers": true,
              "method.response.header.Access-Control-Allow-Methods": true,
              "method.response.header.Access-Control-Allow-Origin": true
            },
            "rest_api_id": "rgwh1nruq7",
            "status_code": "200"
          },
          "sensitive_attributes": [],
          "private": "bnVsbA==",
          "dependencies": [
            "aws_api_gateway_method.upload_url_options",
            "aws_api_gateway_resource.upload_url",
            "aws_api_gateway_rest_api.video_api",
            "random_string.deployment_id"
          ],
          "create_before_destroy": true
        }
      ]
    },
    {
      "mode": "managed",
      "type": "aws_api_gateway_method_response",
      "name": "upload_url_response_200",
      "provider": "provider[\"registry.terraform.io/hashicorp/aws\"]",
      "instances": [
        {
          "schema_version": 0,
          "attributes": {
            "http_method": "POST",
            "id": "agmr-rgwh1nruq7-4pc6bv-POST-200",
            "resource_id": "4pc6bv",
            "response_models": {},
            "response_parameters": {
              "method.response.header.Access-Control-Allow-Origin": true
            },
            "rest_api_id": "rgwh1nruq7",
            "status_code": "200"
          },
          "sensitive_attributes": [],
          "private": "bnVsbA==",
          "dependencies": [
            "aws_api_gateway_method.upload_url_post",
            "aws_api_gateway_request_validator.upload_validator",
            "aws_api_gateway_resource.upload_url",
            "aws_api_gateway_rest_api.video_api",
            "random_string.deployment_id"
          ],
          "create_before_destroy": true
        }
      ]
    },
    {
      "mode": "managed",
      "type": "aws_api_gateway_request_validator",
      "name": "upload_validator",
      "provider": "provider[\"registry.terraform.io/hashicorp/aws\"]",
      "instances": [
        {
          "schema_version": 0,
          "attributes": {
            "id": "8qh98w",
            "name": "upload-validator",
            "rest_api_id": "rgwh1nruq7",
            "validate_request_body": false,
            "validate_request_parameters": false
          },
          "sensitive_attributes": [],
          "private": "bnVsbA==",
          "dependencies": [
            "aws_api_gateway_rest_api.video_api",
            "random_string.deployment_id"
          ],
          "create_before_destroy": true
        }
      ]
    },
    {
      "mode": "managed",
      "type": "aws_api_gateway_resource",
      "name": "upload_url",
      "provider": "provider[\"registry.terraform.io/hashicorp/aws\"]",
      "instances": [
        {
          "schema_version": 0,
          "attributes": {
            "id": "4pc6bv",
            "parent_id": "4jpn64l445",
            "path": "/upload-url",
            "path_part": "upload-url",
            "rest_api_id": "rgwh1nruq7"
          },
          "sensitive_attributes": [],
          "private": "bnVsbA==",
          "dependencies": [
            "aws_api_gateway_rest_api.video_api",
            "random_string.deployment_id"
          ],
          "create_before_destroy": true
        }
      ]
    },
    {
      "mode": "managed",
      "type": "aws_api_gateway_rest_api",
      "name": "video_api",
      "provider": "provider[\"registry.terraform.io/hashicorp/aws\"]",
      "instances": [
        {
          "schema_version": 0,
          "attributes": {
            "api_key_source": "HEADER",
            "arn": "arn:aws:apigateway:us-west-2::/restapis/rgwh1nruq7",
            "binary_media_types": [],
            "body": null,
            "created_date": "2025-11-05T18:37:28Z",
            "description": "",
            "disable_execute_api_endpoint": false,
            "endpoint_configuration": [
              {
                "ip_address_type": "ipv4",
                "types": [
                  "REGIONAL"
                ],
                "vpc_endpoint_ids": []
              }
            ],
            "execution_arn": "arn:aws:execute-api:us-west-2:851725642392:rgwh1nruq7",
            "fail_on_warnings": null,
            "id": "rgwh1nruq7",
            "minimum_compression_size": "",
            "name": "vdt-api-0xwzdd",
            "parameters": null,
            "policy": "",
            "put_rest_api_mode": null,
            "root_resource_id": "4jpn64l445",
            "tags": {},
            "tags_all": {}
          },
          "sensitive_attributes": [],
          "private": "bnVsbA==",
          "dependencies": [
            "random_string.deployment_id"
          ],
          "create_before_destroy": true
        }
      ]
    },
    {
      "mode": "managed",
      "type": "aws_api_gateway_stage",
      "name": "video_api_stage",
      "provider": "provider[\"registry.terraform.io/hashicorp/aws\"]",
      "instances": [
        {
          "schema_version": 0,
          "attributes": {
            "access_log_settings": [],
            "arn": "arn:aws:apigateway:us-west-2::/restapis/rgwh1nruq7/stages/prod",
            "cache_cluster_enabled": false,
            "cache_cluster_size": "",
            "canary_settings": [],
            "client_certificate_id": "",
            "deployment_id": "3zzfkb",
            "description": "",
            "documentation_version": "",
            "execution_arn": "arn:aws:execute-api:us-west-2:851725642392:rgwh1nruq7/prod",
            "id": "ags-rgwh1nruq7-prod",
            "invoke_url": "https://rgwh1nruq7.execute-api.us-west-2.amazonaws.com/prod",
            "rest_api_id": "rgwh1nruq7",
            "stage_name": "prod",
            "tags": {},
            "tags_all": {},
            "variables": {},
            "web_acl_arn": "",
            "xray_tracing_enabled": false
          },
          "sensitive_attributes": [],
          "private": "bnVsbA==",
          "dependencies": [
            "aws_api_gateway_deployment.video_api_deployment",
            "aws_api_gateway_integration.upload_url_integration",
            "aws_api_gateway_integration.upload_url_options_integration",
            "aws_api_gateway_integration_response.upload_url_integration_response",
            "aws_api_gateway_integration_response.upload_url_options_integration_response",
            "aws_api_gateway_method.upload_url_options",
            "aws_api_gateway_method.upload_url_post",
            "aws_api_gateway_method_response.upload_url_options_response_200",
            "aws_api_gateway_method_response.upload_url_response_200",
            "aws_api_gateway_request_validator.upload_validator",
            "aws_api_gateway_resource.upload_url",
            "aws_api_gateway_rest_api.video_api",
            "aws_iam_role.lambda_api_role",
            "aws_lambda_function.presigned_url_generator",
            "aws_s3_bucket.video_uploads",
            "data.archive_file.lambda_zip",
            "random_string.deployment_id"
          ]
        }
      ]
    },
    {
      "mode": "managed",
      "type": "aws_apigatewayv2_api",
      "name": "websocket_api",
      "provider": "provider[\"registry.terraform.io/hashicorp/aws\"]",
      "instances": [
        {
          "schema_version": 0,
          "attributes": {
            "api_endpoint": "wss://ufdrenitih.execute-api.us-west-2.amazonaws.com",
            "api_key_selection_expression": "$request.header.x-api-key",
            "arn": "arn:aws:apigateway:us-west-2::/apis/ufdrenitih",
            "body": null,
            "cors_configuration": [],
            "credentials_arn": null,
            "description": "",
            "disable_execute_api_endpoint": false,
            "execution_arn": "arn:aws:execute-api:us-west-2:851725642392:ufdrenitih",
            "fail_on_warnings": null,
            "id": "ufdrenitih",
            "ip_address_type": "ipv4",
            "name": "vdt-websocket-0xwzdd",
            "protocol_type": "WEBSOCKET",
            "route_key": null,
            "route_selection_expression": "$request.body.action",
            "tags": {},
            "tags_all": {},
            "target": null,
            "version": ""
          },
          "sensitive_attributes": [],
          "private": "bnVsbA==",
          "dependencies": [
            "random_string.deployment_id"
          ]
        }
      ]
    },
    {
      "mode": "managed",
      "type": "aws_apigatewayv2_integration",
      "name": "websocket_connect_integration",
      "provider": "provider[\"registry.terraform.io/hashicorp/aws\"]",
      "instances": [
        {
          "schema_version": 0,
          "attributes": {
            "api_id": "ufdrenitih",
            "connection_id": "",
            "connection_type": "INTERNET",
            "content_handling_strategy": "",
            "credentials_arn": "",
            "description": "",
            "id": "8em3uqn",
            "integration_method": "POST",
            "integration_response_selection_expression": "",
            "integration_subtype": "",
            "integration_type": "AWS_PROXY",
            "integration_uri": "arn:aws:apigateway:us-west-2:lambda:path/2015-03-31/functions/arn:aws:lambda:us-west-2:851725642392:function:vdt-websocket-connect-0xwzdd/invocations",
            "passthrough_behavior": "WHEN_NO_MATCH",
            "payload_format_version": "1.0",
            "request_parameters": {},
            "request_templates": {},
            "response_parameters": [],
            "template_selection_expression": "",
            "timeout_milliseconds": 29000,
            "tls_config": []
          },
          "sensitive_attributes": [],
          "private": "bnVsbA==",
          "dependencies": [
            "aws_apigatewayv2_api.websocket_api",
            "aws_dynamodb_table.websocket_connections",
            "aws_iam_role.websocket_lambda_role",
            "aws_lambda_function.websocket_connect",
            "data.archive_file.lambda_zip",
            "random_string.deployment_id"
          ]
        }
      ]
    },
    {
      "mode": "managed",
      "type": "aws_apigatewayv2_integration",
      "name": "websocket_disconnect_integration",
      "provider": "provider[\"registry.terraform.io/hashicorp/aws\"]",
      "instances": [
        {
          "schema_version": 0,
          "attributes": {
            "api_id": "ufdrenitih",
            "connection_id": "",
            "connection_type": "INTERNET",
            "content_handling_strategy": "",
            "credentials_arn": "",
            "description": "",
            "id": "re5wfo4",
            "integration_method": "POST",
            "integration_response_selection_expression": "",
            "integration_subtype": "",
            "integration_type": "AWS_PROXY",
            "integration_uri": "arn:aws:apigateway:us-west-2:lambda:path/2015-03-31/functions/arn:aws:lambda:us-west-2:851725642392:function:vdt-websocket-disconnect-0xwzdd/invocations",
            "passthrough_behavior": "WHEN_NO_MATCH",
            "payload_format_version": "1.0",
            "request_parameters": {},
            "request_templates": {},
            "response_parameters": [],
            "template_selection_expression": "",
            "timeout_milliseconds": 29000,
            "tls_config": []
          },
          "sensitive_attributes": [],
          "private": "bnVsbA==",
          "dependencies": [
            "aws_apigatewayv2_api.websocket_api",
            "aws_dynamodb_table.websocket_connections",
            "aws_iam_role.websocket_lambda_role",
            "aws_lambda_function.websocket_disconnect",
            "data.archive_file.lambda_zip",
            "random_string.deployment_id"
          ]
        }
      ]
    },
    {
      "mode": "managed",
      "type": "aws_apigatewayv2_route",
      "name": "websocket_connect_route",
      "provider": "provider[\"registry.terraform.io/hashicorp/aws\"]",
      "instances": [
        {
          "schema_version": 0,
          "attributes": {
            "api_id": "ufdrenitih",
            "api_key_required": false,
            "authorization_scopes": [],
            "authorization_type": "NONE",
            "authorizer_id": "",
            "id": "8t8fdli",
            "model_selection_expression": "",
            "operation_name": "",
            "request_models": {},
            "request_parameter": [],
            "route_key": "$connect",
            "route_response_selection_expression": "",
            "target": "integrations/8em3uqn"
          },
          "sensitive_attributes": [],
          "private": "bnVsbA==",
          "dependencies": [
            "aws_apigatewayv2_api.websocket_api",
            "aws_apigatewayv2_integration.websocket_connect_integration",
            "aws_dynamodb_table.websocket_connections",
            "aws_iam_role.websocket_lambda_role",
            "aws_lambda_function.websocket_connect",
            "data.archive_file.lambda_zip",
            "random_string.deployment_id"
          ]
        }
      ]
    },
    {
      "mode": "managed",
      "type": "aws_apigatewayv2_route",
      "name": "websocket_disconnect_route",
      "provider": "provider[\"registry.terraform.io/hashicorp/aws\"]",
      "instances": [
        {
          "schema_version": 0,
          "attributes": {
            "api_id": "ufdrenitih",
            "api_key_required": false,
            "authorization_scopes": [],
            "authorization_type": "NONE",
            "authorizer_id": "",
            "id": "gfitj4h",
            "model_selection_expression": "",
            "operation_name": "",
            "request_models": {},
            "request_parameter": [],
            "route_key": "$disconnect",
            "route_response_selection_expression": "",
            "target": "integrations/re5wfo4"
          },
          "sensitive_attributes": [],
          "private": "bnVsbA==",
          "dependencies": [
            "aws_apigatewayv2_api.websocket_api",
            "aws_apigatewayv2_integration.websocket_disconnect_integration",
            "aws_dynamodb_table.websocket_connections",
            "aws_iam_role.websocket_lambda_role",
            "aws_lambda_function.websocket_disconnect",
            "data.archive_file.lambda_zip",
            "random_string.deployment_id"
          ]
        }
      ]
    },
    {
      "mode": "managed",
      "type": "aws_apigatewayv2_stage",
      "name": "websocket_stage",
      "provider": "provider[\"registry.terraform.io/hashicorp/aws\"]",
      "instances": [
        {
          "schema_version": 0,
          "attributes": {
            "access_log_settings": [],
            "api_id": "ufdrenitih",
            "arn": "arn:aws:apigateway:us-west-2::/apis/ufdrenitih/stages/prod",
            "auto_deploy": true,
            "client_certificate_id": "",
            "default_route_settings": [
              {
                "data_trace_enabled": false,
                "detailed_metrics_enabled": false,
                "logging_level": "OFF",
                "throttling_burst_limit": 0,
                "throttling_rate_limit": 0
              }
            ],
            "deployment_id": "7xq61c",
            "description": "",
            "execution_arn": "arn:aws:execute-api:us-west-2:851725642392:ufdrenitih/prod",
            "id": "prod",
            "invoke_url": "wss://ufdrenitih.execute-api.us-west-2.amazonaws.com/prod",
            "name": "prod",
            "route_settings": [],
            "stage_variables": {},
            "tags": {},
            "tags_all": {}
          },
          "sensitive_attributes": [],
          "private": "bnVsbA==",
          "dependencies": [
            "aws_apigatewayv2_api.websocket_api",
            "random_string.deployment_id"
          ]
        }
      ]
    },
    {
      "mode": "managed",
      "type": "aws_dynamodb_table",
      "name": "websocket_connections",
      "provider": "provider[\"registry.terraform.io/hashicorp/aws\"]",
      "instances": [
        {
          "schema_version": 1,
          "attributes": {
            "arn": "arn:aws:dynamodb:us-west-2:851725642392:table/vdt-connections-0xwzdd",
            "attribute": [
              {
                "name": "connectionId",
                "type": "S"
              }
            ],
            "billing_mode": "PAY_PER_REQUEST",
            "deletion_protection_enabled": false,
            "global_secondary_index": [],
            "hash_key": "connectionId",
            "id": "vdt-connections-0xwzdd",
            "import_table": [],
            "local_secondary_index": [],
            "name": "vdt-connections-0xwzdd",
            "on_demand_throughput": [],
            "point_in_time_recovery": [
              {
                "enabled": false,
                "recovery_period_in_days": 0
              }
            ],
            "range_key": null,
            "read_capacity": 0,
            "replica": [],
            "restore_date_time": null,
            "restore_source_name": null,
            "restore_source_table_arn": null,
            "restore_to_latest_time": null,
            "server_side_encryption": [],
            "stream_arn": "",
            "stream_enabled": false,
            "stream_label": "",
            "stream_view_type": "",
            "table_class": "STANDARD",
            "tags": {},
            "tags_all": {},
            "timeouts": null,
            "ttl": [
              {
                "attribute_name": "",
                "enabled": false
              }
            ],
            "write_capacity": 0
          },
          "sensitive_attributes": [],
          "private": "eyJlMmJmYjczMC1lY2FhLTExZTYtOGY4OC0zNDM2M2JjN2M0YzAiOnsiY3JlYXRlIjoxODAwMDAwMDAwMDAwLCJkZWxldGUiOjYwMDAwMDAwMDAwMCwidXBkYXRlIjozNjAwMDAwMDAwMDAwfSwic2NoZW1hX3ZlcnNpb24iOiIxIn0=",
          "dependencies": [
            "random_string.deployment_id"
          ]
        }
      ]
    },
    {
      "mode": "managed",
      "type": "aws_iam_policy",
      "name": "lambda_api_policy",
      "provider": "provider[\"registry.terraform.io/hashicorp/aws\"]",
      "instances": [
        {
          "schema_version": 0,
          "attributes": {
            "arn": "arn:aws:iam::851725642392:policy/vdt-api-policy-0xwzdd",
            "attachment_count": 1,
            "description": "",
            "id": "arn:aws:iam::851725642392:policy/vdt-api-policy-0xwzdd",
            "name": "vdt-api-policy-0xwzdd",
            "name_prefix": "",
            "path": "/",
            "policy": "{\"Statement\":[{\"Action\":[\"logs:CreateLogGroup\",\"logs:CreateLogStream\",\"logs:PutLogEvents\"],\"Effect\":\"Allow\",\"Resource\":\"arn:aws:logs:*:*:*\"},{\"Action\":[\"s3:PutObject\"],\"Effect\":\"Allow\",\"Resource\":\"arn:aws:s3:::vdt-uploads-0xwzdd/*\"}],\"Version\":\"2012-10-17\"}",
            "policy_id": "ANPA4MTWN5KMGHLVF43JM",
            "tags": {},
            "tags_all": {}
          },
          "sensitive_attributes": [],
          "private": "bnVsbA==",
          "dependencies": [
            "aws_s3_bucket.video_uploads",
            "random_string.deployment_id"
          ]
        }
      ]
    },
    {
      "mode": "managed",
      "type": "aws_iam_policy",
      "name": "lambda_results_policy",
      "provider": "provider[\"registry.terraform.io/hashicorp/aws\"]",
      "instances": [
        {
          "schema_version": 0,
          "attributes": {
            "arn": "arn:aws:iam::851725642392:policy/vdt-results-policy-0xwzdd",
            "attachment_count": 1,
            "description": "",
            "id": "arn:aws:iam::851725642392:policy/vdt-results-policy-0xwzdd",
            "name": "vdt-results-policy-0xwzdd",
            "name_prefix": "",
            "path": "/",
            "policy": "{\"Statement\":[{\"Action\":[\"logs:CreateLogGroup\",\"logs:CreateLogStream\",\"logs:PutLogEvents\"],\"Effect\":\"Allow\",\"Resource\":\"arn:aws:logs:*:*:*\"},{\"Action\":[\"rekognition:GetLabelDetection\",\"rekognition:GetContentModeration\",\"rekognition:GetPersonTracking\"],\"Effect\":\"Allow\",\"Resource\":\"*\"},{\"Action\":[\"sqs:ReceiveMessage\",\"sqs:DeleteMessage\",\"sqs:GetQueueAttributes\"],\"Effect\":\"Allow\",\"Resource\":\"arn:aws:sqs:us-west-2:851725642392:vdt-queue-0xwzdd\"},{\"Action\":[\"sns:Publish\"],\"Effect\":\"Allow\",\"Resource\":\"arn:aws:sns:us-west-2:851725642392:vdt-alerts-0xwzdd\"},{\"Action\":[\"s3:PutObject\"],\"Effect\":\"Allow\",\"Resource\":\"arn:aws:s3:::vdt-results-0xwzdd/*\"},{\"Action\":[\"execute-api:ManageConnections\"],\"Effect\":\"Allow\",\"Resource\":\"arn:aws:execute-api:us-west-2:851725642392:ufdrenitih/*/*\"},{\"Action\":[\"dynamodb:Scan\",\"dynamodb:Query\",\"dynamodb:GetItem\"],\"Effect\":\"Allow\",\"Resource\":\"arn:aws:dynamodb:us-west-2:851725642392:table/vdt-connections-0xwzdd\"}],\"Version\":\"2012-10-17\"}",
            "policy_id": "ANPA4MTWN5KMNGQQSGJBH",
            "tags": {},
            "tags_all": {}
          },
          "sensitive_attributes": [],
          "private": "bnVsbA==",
          "dependencies": [
            "aws_apigatewayv2_api.websocket_api",
            "aws_dynamodb_table.websocket_connections",
            "aws_s3_bucket.analysis_results",
            "aws_sns_topic.alerts",
            "aws_sqs_queue.results_queue",
            "random_string.deployment_id"
          ]
        }
      ]
    },
    {
      "mode": "managed",
      "type": "aws_iam_policy",
      "name": "lambda_video_policy",
      "provider": "provider[\"registry.terraform.io/hashicorp/aws\"]",
      "instances": [
        {
          "schema_version": 0,
          "attributes": {
            "arn": "arn:aws:iam::851725642392:policy/vdt-video-policy-0xwzdd",
            "attachment_count": 1,
            "description": "",
            "id": "arn:aws:iam::851725642392:policy/vdt-video-policy-0xwzdd",
            "name": "vdt-video-policy-0xwzdd",
            "name_prefix": "",
            "path": "/",
            "policy": "{\"Statement\":[{\"Action\":[\"logs:CreateLogGroup\",\"logs:CreateLogStream\",\"logs:PutLogEvents\"],\"Effect\":\"Allow\",\"Resource\":\"arn:aws:logs:*:*:*\"},{\"Action\":[\"s3:GetObject\",\"s3:PutObject\"],\"Effect\":\"Allow\",\"Resource\":[\"arn:aws:s3:::vdt-uploads-0xwzdd/*\",\"arn:aws:s3:::vdt-results-0xwzdd/*\"]},{\"Action\":[\"rekognition:StartLabelDetection\",\"rekognition:StartContentModeration\",\"rekognition:StartPersonTracking\"],\"Effect\":\"Allow\",\"Resource\":\"*\"},{\"Action\":[\"sns:Publish\"],\"Effect\":\"Allow\",\"Resource\":[\"arn:aws:sns:us-west-2:851725642392:vdt-alerts-0xwzdd\",\"arn:aws:sns:us-west-2:851725642392:vdt-completion-0xwzdd\"]},{\"Action\":[\"iam:PassRole\"],\"Effect\":\"Allow\",\"Resource\":\"arn:aws:iam::851725642392:role/vdt-rekognition-role-0xwzdd\"}],\"Version\":\"2012-10-17\"}",
            "policy_id": "ANPA4MTWN5KMPODRP3F6O",
            "tags": {},
            "tags_all": {}
          },
          "sensitive_attributes": [],
          "private": "bnVsbA==",
          "dependencies": [
            "aws_iam_role.rekognition_role",
            "aws_s3_bucket.analysis_results",
            "aws_s3_bucket.video_uploads",
            "aws_sns_topic.alerts",
            "aws_sns_topic.completion",
            "random_string.deployment_id"
          ]
        }
      ]
    },
    {
      "mode": "managed",
      "type": "aws_iam_policy",
      "name": "rekognition_policy",
      "provider": "provider[\"registry.terraform.io/hashicorp/aws\"]",
      "instances": [
        {
          "schema_version": 0,
          "attributes": {
            "arn": "arn:aws:iam::851725642392:policy/vdt-rekognition-policy-0xwzdd",
            "attachment_count": 1,
            "description": "",
            "id": "arn:aws:iam::851725642392:policy/vdt-rekognition-policy-0xwzdd",
            "name": "vdt-rekognition-policy-0xwzdd",
            "name_prefix": "",
            "path": "/",
            "policy": "{\"Statement\":[{\"Action\":[\"sns:Publish\"],\"Effect\":\"Allow\",\"Resource\":\"arn:aws:sns:us-west-2:851725642392:vdt-completion-0xwzdd\"}],\"Version\":\"2012-10-17\"}",
            "policy_id": "ANPA4MTWN5KMNFCVJHOE4",
            "tags": {},
            "tags_all": {}
          },
          "sensitive_attributes": [],
          "private": "bnVsbA==",
          "dependencies": [
            "aws_sns_topic.completion",
            "random_string.deployment_id"
          ]
        }
      ]
    },
    {
      "mode": "managed",
      "type": "aws_iam_policy",
      "name": "websocket_lambda_policy",
      "provider": "provider[\"registry.terraform.io/hashicorp/aws\"]",
      "instances": [
        {
          "schema_version": 0,
          "attributes": {
            "arn": "arn:aws:iam::851725642392:policy/vdt-websocket-policy-0xwzdd",
            "attachment_count": 1,
            "description": "",
            "id": "arn:aws:iam::851725642392:policy/vdt-websocket-policy-0xwzdd",
            "name": "vdt-websocket-policy-0xwzdd",
            "name_prefix": "",
            "path": "/",
            "policy": "{\"Statement\":[{\"Action\":[\"logs:CreateLogGroup\",\"logs:CreateLogStream\",\"logs:PutLogEvents\"],\"Effect\":\"Allow\",\"Resource\":\"arn:aws:logs:*:*:*\"},{\"Action\":[\"dynamodb:PutItem\",\"dynamodb:DeleteItem\",\"dynamodb:GetItem\",\"dynamodb:Scan\"],\"Effect\":\"Allow\",\"Resource\":\"arn:aws:dynamodb:us-west-2:851725642392:table/vdt-connections-0xwzdd\"},{\"Action\":[\"execute-api:ManageConnections\"],\"Effect\":\"Allow\",\"Resource\":\"arn:aws:execute-api:us-west-2:851725642392:ufdrenitih/*/*\"}],\"Version\":\"2012-10-17\"}",
            "policy_id": "ANPA4MTWN5KMBQIBZUWUX",
            "tags": {},
            "tags_all": {}
          },
          "sensitive_attributes": [],
          "private": "bnVsbA==",
          "dependencies": [
            "aws_apigatewayv2_api.websocket_api",
            "aws_dynamodb_table.websocket_connections",
            "random_string.deployment_id"
          ]
        }
      ]
    },
    {
      "mode": "managed",
      "type": "aws_iam_role",
      "name": "lambda_analysis_role",
      "provider": "provider[\"registry.terraform.io/hashicorp/aws\"]",
      "instances": [
        {
          "schema_version": 0,
          "attributes": {
            "arn": "arn:aws:iam::851725642392:role/vdt-lambda-analysis-role-0xwzdd",
            "assume_role_policy": "{\"Statement\":[{\"Action\":\"sts:AssumeRole\",\"Effect\":\"Allow\",\"Principal\":{\"Service\":\"lambda.amazonaws.com\"}}],\"Version\":\"2012-10-17\"}",
            "create_date": "2025-11-05T21:04:10Z",
            "description": "",
            "force_detach_policies": false,
            "id": "vdt-lambda-analysis-role-0xwzdd",
            "inline_policy": [
              {
                "name": "vdt-lambda-analysis-policy",
                "policy": "{\"Version\":\"2012-10-17\",\"Statement\":[{\"Action\":[\"logs:CreateLogGroup\",\"logs:CreateLogStream\",\"logs:PutLogEvents\"],\"Effect\":\"Allow\",\"Resource\":\"arn:aws:logs:*:*:*\"},{\"Action\":[\"s3:GetObject\"],\"Effect\":\"Allow\",\"Resource\":\"arn:aws:s3:::vdt-uploads-0xwzdd/*\"},{\"Action\":[\"rekognition:DetectLabels\",\"rekognition:DetectFaces\",\"rekognition:StartLabelDetection\",\"rekognition:GetLabelDetection\"],\"Effect\":\"Allow\",\"Resource\":\"*\"},{\"Action\":[\"execute-api:ManageConnections\"],\"Effect\":\"Allow\",\"Resource\":\"arn:aws:execute-api:us-west-2:*:ufdrenitih/*\"},{\"Action\":[\"dynamodb:Scan\",\"dynamodb:Query\",\"dynamodb:DeleteItem\"],\"Effect\":\"Allow\",\"Resource\":\"arn:aws:dynamodb:us-west-2:851725642392:table/vdt-connections-0xwzdd\"}]}"
              }
            ],
            "managed_policy_arns": [],
            "max_session_duration": 3600,
            "name": "vdt-lambda-analysis-role-0xwzdd",
            "name_prefix": "",
            "path": "/",
            "permissions_boundary": "",
            "tags": {},
            "tags_all": {},
            "unique_id": "AROA4MTWN5KMBON342HUF"
          },
          "sensitive_attributes": [],
          "private": "bnVsbA==",
          "dependencies": [
            "random_string.deployment_id"
          ]
        }
      ]
    },
    {
      "mode": "managed",
      "type": "aws_iam_role",
      "name": "lambda_api_role",
      "provider": "provider[\"registry.terraform.io/hashicorp/aws\"]",
      "instances": [
        {
          "schema_version": 0,
          "attributes": {
            "arn": "arn:aws:iam::851725642392:role/vdt-api-role-0xwzdd",
            "assume_role_policy": "{\"Statement\":[{\"Action\":\"sts:AssumeRole\",\"Effect\":\"Allow\",\"Principal\":{\"Service\":\"lambda.amazonaws.com\"}}],\"Version\":\"2012-10-17\"}",
            "create_date": "2025-11-05T18:37:28Z",
            "description": "",
            "force_detach_policies": false,
            "id": "vdt-api-role-0xwzdd",
            "inline_policy": [],
            "managed_policy_arns": [
              "arn:aws:iam::851725642392:policy/vdt-api-policy-0xwzdd"
            ],
            "max_session_duration": 3600,
            "name": "vdt-api-role-0xwzdd",
            "name_prefix": "",
            "path": "/",
            "permissions_boundary": "",
            "tags": {},
            "tags_all": {},
            "unique_id": "AROA4MTWN5KMPFBMD6RCB"
          },
          "sensitive_attributes": [],
          "private": "bnVsbA==",
          "dependencies": [
            "random_string.deployment_id"
          ],
          "create_before_destroy": true
        }
      ]
    },
    {
      "mode": "managed",
      "type": "aws_iam_role",
      "name": "lambda_results_role",
      "provider": "provider[\"registry.terraform.io/hashicorp/aws\"]",
      "instances": [
        {
          "schema_version": 0,
          "attributes": {
            "arn": "arn:aws:iam::851725642392:role/vdt-results-role-0xwzdd",
            "assume_role_policy": "{\"Statement\":[{\"Action\":\"sts:AssumeRole\",\"Effect\":\"Allow\",\"Principal\":{\"Service\":\"lambda.amazonaws.com\"}}],\"Version\":\"2012-10-17\"}",
            "create_date": "2025-11-05T18:37:28Z",
            "description": "",
            "force_detach_policies": false,
            "id": "vdt-results-role-0xwzdd",
            "inline_policy": [],
            "managed_policy_arns": [
              "arn:aws:iam::851725642392:policy/vdt-results-policy-0xwzdd"
            ],
            "max_session_duration": 3600,
            "name": "vdt-results-role-0xwzdd",
            "name_prefix": "",
            "path": "/",
            "permissions_boundary": "",
            "tags": {},
            "tags_all": {},
            "unique_id": "AROA4MTWN5KMCN3MSYSWE"
          },
          "sensitive_attributes": [],
          "private": "bnVsbA==",
          "dependencies": [
            "random_string.deployment_id"
          ]
        }
      ]
    },
    {
      "mode": "managed",
      "type": "aws_iam_role",
      "name": "lambda_video_role",
      "provider": "provider[\"registry.terraform.io/hashicorp/aws\"]",
      "instances": [
        {
          "schema_version": 0,
          "attributes": {
            "arn": "arn:aws:iam::851725642392:role/vdt-video-role-0xwzdd",
            "assume_role_policy": "{\"Statement\":[{\"Action\":\"sts:AssumeRole\",\"Effect\":\"Allow\",\"Principal\":{\"Service\":\"lambda.amazonaws.com\"}}],\"Version\":\"2012-10-17\"}",
            "create_date": "2025-11-05T18:37:28Z",
            "description": "",
            "force_detach_policies": false,
            "id": "vdt-video-role-0xwzdd",
            "inline_policy": [],
            "managed_policy_arns": [
              "arn:aws:iam::851725642392:policy/vdt-video-policy-0xwzdd"
            ],
            "max_session_duration": 3600,
            "name": "vdt-video-role-0xwzdd",
            "name_prefix": "",
            "path": "/",
            "permissions_boundary": "",
            "tags": {},
            "tags_all": {},
            "unique_id": "AROA4MTWN5KMAVJJJPHBK"
          },
          "sensitive_attributes": [],
          "private": "bnVsbA==",
          "dependencies": [
            "random_string.deployment_id"
          ]
        }
      ]
    },
    {
      "mode": "managed",
      "type": "aws_iam_role",
      "name": "rekognition_role",
      "provider": "provider[\"registry.terraform.io/hashicorp/aws\"]",
      "instances": [
        {
          "schema_version": 0,
          "attributes": {
            "arn": "arn:aws:iam::851725642392:role/vdt-rekognition-role-0xwzdd",
            "assume_role_policy": "{\"Statement\":[{\"Action\":\"sts:AssumeRole\",\"Effect\":\"Allow\",\"Principal\":{\"Service\":\"rekognition.amazonaws.com\"}}],\"Version\":\"2012-10-17\"}",
            "create_date": "2025-11-05T18:37:28Z",
            "description": "",
            "force_detach_policies": false,
            "id": "vdt-rekognition-role-0xwzdd",
            "inline_policy": [],
            "managed_policy_arns": [
              "arn:aws:iam::851725642392:policy/vdt-rekognition-policy-0xwzdd"
            ],
            "max_session_duration": 3600,
            "name": "vdt-rekognition-role-0xwzdd",
            "name_prefix": "",
            "path": "/",
            "permissions_boundary": "",
            "tags": {},
            "tags_all": {},
            "unique_id": "AROA4MTWN5KMATWACHH73"
          },
          "sensitive_attributes": [],
          "private": "bnVsbA==",
          "dependencies": [
            "random_string.deployment_id"
          ]
        }
      ]
    },
    {
      "mode": "managed",
      "type": "aws_iam_role",
      "name": "websocket_lambda_role",
      "provider": "provider[\"registry.terraform.io/hashicorp/aws\"]",
      "instances": [
        {
          "schema_version": 0,
          "attributes": {
            "arn": "arn:aws:iam::851725642392:role/vdt-websocket-role-0xwzdd",
            "assume_role_policy": "{\"Statement\":[{\"Action\":\"sts:AssumeRole\",\"Effect\":\"Allow\",\"Principal\":{\"Service\":\"lambda.amazonaws.com\"}}],\"Version\":\"2012-10-17\"}",
            "create_date": "2025-11-05T19:13:37Z",
            "description": "",
            "force_detach_policies": false,
            "id": "vdt-websocket-role-0xwzdd",
            "inline_policy": [],
            "managed_policy_arns": [
              "arn:aws:iam::851725642392:policy/vdt-websocket-policy-0xwzdd"
            ],
            "max_session_duration": 3600,
            "name": "vdt-websocket-role-0xwzdd",
            "name_prefix": "",
            "path": "/",
            "permissions_boundary": "",
            "tags": {},
            "tags_all": {},
            "unique_id": "AROA4MTWN5KMH6DGG2MQZ"
          },
          "sensitive_attributes": [],
          "private": "bnVsbA==",
          "dependencies": [
            "random_string.deployment_id"
          ]
        }
      ]
    },
    {
      "mode": "managed",
      "type": "aws_iam_role_policy",
      "name": "lambda_analysis_policy",
      "provider": "provider[\"registry.terraform.io/hashicorp/aws\"]",
      "instances": [
        {
          "schema_version": 0,
          "attributes": {
            "id": "vdt-lambda-analysis-role-0xwzdd:vdt-lambda-analysis-policy",
            "name": "vdt-lambda-analysis-policy",
            "name_prefix": "",
            "policy": "{\"Version\":\"2012-10-17\",\"Statement\":[{\"Action\":[\"logs:CreateLogGroup\",\"logs:CreateLogStream\",\"logs:PutLogEvents\"],\"Effect\":\"Allow\",\"Resource\":\"arn:aws:logs:*:*:*\"},{\"Action\":[\"s3:GetObject\"],\"Effect\":\"Allow\",\"Resource\":\"arn:aws:s3:::vdt-uploads-0xwzdd/*\"},{\"Action\":[\"rekognition:DetectLabels\",\"rekognition:DetectFaces\",\"rekognition:StartLabelDetection\",\"rekognition:GetLabelDetection\"],\"Effect\":\"Allow\",\"Resource\":\"*\"},{\"Action\":[\"execute-api:ManageConnections\"],\"Effect\":\"Allow\",\"Resource\":\"arn:aws:execute-api:us-west-2:*:ufdrenitih/*\"},{\"Action\":[\"dynamodb:Scan\",\"dynamodb:Query\",\"dynamodb:DeleteItem\"],\"Effect\":\"Allow\",\"Resource\":\"arn:aws:dynamodb:us-west-2:851725642392:table/vdt-connections-0xwzdd\"}]}",
            "role": "vdt-lambda-analysis-role-0xwzdd"
          },
          "sensitive_attributes": [],
          "private": "bnVsbA==",
          "dependencies": [
            "aws_dynamodb_table.websocket_connections",
            "aws_iam_role.lambda_analysis_role",
            "aws_s3_bucket.video_uploads",
            "random_string.deployment_id"
          ]
        }
      ]
    },
    {
      "mode": "managed",
      "type": "aws_iam_role_policy_attachment",
      "name": "lambda_api_attach",
      "provider": "provider[\"registry.terraform.io/hashicorp/aws\"]",
      "instances": [
        {
          "schema_version": 0,
          "attributes": {
            "id": "vdt-api-role-0xwzdd-20251105183845300100000003",
            "policy_arn": "arn:aws:iam::851725642392:policy/vdt-api-policy-0xwzdd",
            "role": "vdt-api-role-0xwzdd"
          },
          "sensitive_attributes": [],
          "private": "bnVsbA==",
          "dependencies": [
            "aws_iam_policy.lambda_api_policy",
            "aws_iam_role.lambda_api_role",
            "aws_s3_bucket.video_uploads",
            "random_string.deployment_id"
          ]
        }
      ]
    },
    {
      "mode": "managed",
      "type": "aws_iam_role_policy_attachment",
      "name": "lambda_results_attach",
      "provider": "provider[\"registry.terraform.io/hashicorp/aws\"]",
      "instances": [
        {
          "schema_version": 0,
          "attributes": {
            "id": "vdt-results-role-0xwzdd-20251105183906159600000004",
            "policy_arn": "arn:aws:iam::851725642392:policy/vdt-results-policy-0xwzdd",
            "role": "vdt-results-role-0xwzdd"
          },
          "sensitive_attributes": [],
          "private": "bnVsbA==",
          "dependencies": [
            "aws_apigatewayv2_api.websocket_api",
            "aws_dynamodb_table.websocket_connections",
            "aws_iam_policy.lambda_results_policy",
            "aws_iam_role.lambda_results_role",
            "aws_s3_bucket.analysis_results",
            "aws_sns_topic.alerts",
            "aws_sqs_queue.results_queue",
            "random_string.deployment_id"
          ]
        }
      ]
    },
    {
      "mode": "managed",
      "type": "aws_iam_role_policy_attachment",
      "name": "lambda_video_attach",
      "provider": "provider[\"registry.terraform.io/hashicorp/aws\"]",
      "instances": [
        {
          "schema_version": 0,
          "attributes": {
            "id": "vdt-video-role-0xwzdd-20251105183845208700000002",
            "policy_arn": "arn:aws:iam::851725642392:policy/vdt-video-policy-0xwzdd",
            "role": "vdt-video-role-0xwzdd"
          },
          "sensitive_attributes": [],
          "private": "bnVsbA==",
          "dependencies": [
            "aws_iam_policy.lambda_video_policy",
            "aws_iam_role.lambda_video_role",
            "aws_iam_role.rekognition_role",
            "aws_s3_bucket.analysis_results",
            "aws_s3_bucket.video_uploads",
            "aws_sns_topic.alerts",
            "aws_sns_topic.completion",
            "random_string.deployment_id"
          ]
        }
      ]
    },
    {
      "mode": "managed",
      "type": "aws_iam_role_policy_attachment",
      "name": "rekognition_attach",
      "provider": "provider[\"registry.terraform.io/hashicorp/aws\"]",
      "instances": [
        {
          "schema_version": 0,
          "attributes": {
            "id": "vdt-rekognition-role-0xwzdd-20251105183840894100000001",
            "policy_arn": "arn:aws:iam::851725642392:policy/vdt-rekognition-policy-0xwzdd",
            "role": "vdt-rekognition-role-0xwzdd"
          },
          "sensitive_attributes": [],
          "private": "bnVsbA==",
          "dependencies": [
            "aws_iam_policy.rekognition_policy",
            "aws_iam_role.rekognition_role",
            "aws_sns_topic.completion",
            "random_string.deployment_id"
          ]
        }
      ]
    },
    {
      "mode": "managed",
      "type": "aws_iam_role_policy_attachment",
      "name": "websocket_lambda_attach",
      "provider": "provider[\"registry.terraform.io/hashicorp/aws\"]",
      "instances": [
        {
          "schema_version": 0,
          "attributes": {
            "id": "vdt-websocket-role-0xwzdd-20251105191458759000000001",
            "policy_arn": "arn:aws:iam::851725642392:policy/vdt-websocket-policy-0xwzdd",
            "role": "vdt-websocket-role-0xwzdd"
          },
          "sensitive_attributes": [],
          "private": "bnVsbA==",
          "dependencies": [
            "aws_apigatewayv2_api.websocket_api",
            "aws_dynamodb_table.websocket_connections",
            "aws_iam_policy.websocket_lambda_policy",
            "aws_iam_role.websocket_lambda_role",
            "random_string.deployment_id"
          ]
        }
      ]
    },
    {
      "mode": "managed",
      "type": "aws_lambda_event_source_mapping",
      "name": "sqs_to_results_processor",
      "provider": "provider[\"registry.terraform.io/hashicorp/aws\"]",
      "instances": [
        {
          "schema_version": 0,
          "attributes": {
            "amazon_managed_kafka_event_source_config": [],
            "arn": "arn:aws:lambda:us-west-2:851725642392:event-source-mapping:bb292654-83f2-400e-acc4-499d8a4000e9",
            "batch_size": 10,
            "bisect_batch_on_function_error": false,
            "destination_config": [],
            "document_db_event_source_config": [],
            "enabled": true,
            "event_source_arn": "arn:aws:sqs:us-west-2:851725642392:vdt-queue-0xwzdd",
            "filter_criteria": [],
            "function_arn": "arn:aws:lambda:us-west-2:851725642392:function:vdt-results-processor-0xwzdd",
            "function_name": "arn:aws:lambda:us-west-2:851725642392:function:vdt-results-processor-0xwzdd",
            "function_response_types": [],
            "id": "bb292654-83f2-400e-acc4-499d8a4000e9",
            "kms_key_arn": "",
            "last_modified": "2025-11-05T18:38:12Z",
            "last_processing_result": "",
            "maximum_batching_window_in_seconds": 0,
            "maximum_record_age_in_seconds": 0,
            "maximum_retry_attempts": 0,
            "metrics_config": [],
            "parallelization_factor": 0,
            "provisioned_poller_config": [],
            "queues": [],
            "scaling_config": [],
            "self_managed_event_source": [],
            "self_managed_kafka_event_source_config": [],
            "source_access_configuration": [],
            "starting_position": "",
            "starting_position_timestamp": "",
            "state": "Enabled",
            "state_transition_reason": "USER_INITIATED",
            "tags": {},
            "tags_all": {},
            "topics": [],
            "tumbling_window_in_seconds": 0,
            "uuid": "bb292654-83f2-400e-acc4-499d8a4000e9"
          },
          "sensitive_attributes": [],
          "private": "bnVsbA==",
          "dependencies": [
            "aws_apigatewayv2_api.websocket_api",
            "aws_apigatewayv2_stage.websocket_stage",
            "aws_dynamodb_table.websocket_connections",
            "aws_iam_role.lambda_results_role",
            "aws_lambda_function.results_processor",
            "aws_s3_bucket.analysis_results",
            "aws_sns_topic.alerts",
            "aws_sqs_queue.results_queue",
            "data.archive_file.lambda_zip",
            "random_string.deployment_id"
          ]
        }
      ]
    },
    {
      "mode": "managed",
      "type": "aws_lambda_function",
      "name": "presigned_url_generator",
      "provider": "provider[\"registry.terraform.io/hashicorp/aws\"]",
      "instances": [
        {
          "schema_version": 0,
          "attributes": {
            "architectures": [
              "x86_64"
            ],
            "arn": "arn:aws:lambda:us-west-2:851725642392:function:vdt-api-generator-0xwzdd",
            "code_sha256": "UJO9CGJhvb8Po5Km1ZZV7gw1I3Ul3ufZ9CZ60ApTP7I=",
            "code_signing_config_arn": "",
            "dead_letter_config": [],
            "description": "",
            "environment": [
              {
                "variables": {
                  "UPLOAD_BUCKET": "vdt-uploads-0xwzdd"
                }
              }
            ],
            "ephemeral_storage": [
              {
                "size": 512
              }
            ],
            "file_system_config": [],
            "filename": "./lambda_functions.zip",
            "function_name": "vdt-api-generator-0xwzdd",
            "handler": "presigned_url_generator.lambda_handler",
            "id": "vdt-api-generator-0xwzdd",
            "image_config": [],
            "image_uri": "",
            "invoke_arn": "arn:aws:apigateway:us-west-2:lambda:path/2015-03-31/functions/arn:aws:lambda:us-west-2:851725642392:function:vdt-api-generator-0xwzdd/invocations",
            "kms_key_arn": "",
            "last_modified": "2025-11-05T22:07:06.000+0000",
            "layers": [],
            "logging_config": [
              {
                "application_log_level": "",
                "log_format": "Text",
                "log_group": "/aws/lambda/vdt-api-generator-0xwzdd",
                "system_log_level": ""
              }
            ],
            "memory_size": 512,
            "package_type": "Zip",
            "publish": false,
            "qualified_arn": "arn:aws:lambda:us-west-2:851725642392:function:vdt-api-generator-0xwzdd:$LATEST",
            "qualified_invoke_arn": "arn:aws:apigateway:us-west-2:lambda:path/2015-03-31/functions/arn:aws:lambda:us-west-2:851725642392:function:vdt-api-generator-0xwzdd:$LATEST/invocations",
            "replace_security_groups_on_destroy": null,
            "replacement_security_group_ids": null,
            "reserved_concurrent_executions": -1,
            "role": "arn:aws:iam::851725642392:role/vdt-api-role-0xwzdd",
            "runtime": "python3.9",
            "s3_bucket": null,
            "s3_key": null,
            "s3_object_version": null,
            "signing_job_arn": "",
            "signing_profile_version_arn": "",
            "skip_destroy": false,
            "snap_start": [],
            "source_code_hash": "UJO9CGJhvb8Po5Km1ZZV7gw1I3Ul3ufZ9CZ60ApTP7I=",
            "source_code_size": 12723,
            "tags": {},
            "tags_all": {},
            "timeout": 60,
            "timeouts": null,
            "tracing_config": [
              {
                "mode": "PassThrough"
              }
            ],
            "version": "$LATEST",
            "vpc_config": []
          },
          "sensitive_attributes": [],
          "private": "eyJlMmJmYjczMC1lY2FhLTExZTYtOGY4OC0zNDM2M2JjN2M0YzAiOnsiY3JlYXRlIjo2MDAwMDAwMDAwMDAsImRlbGV0ZSI6NjAwMDAwMDAwMDAwLCJ1cGRhdGUiOjYwMDAwMDAwMDAwMH19",
          "dependencies": [
            "aws_iam_role.lambda_api_role",
            "aws_s3_bucket.video_uploads",
            "data.archive_file.lambda_zip",
            "random_string.deployment_id"
          ]
        }
      ]
    },
    {
      "mode": "managed",
      "type": "aws_lambda_function",
      "name": "results_processor",
      "provider": "provider[\"registry.terraform.io/hashicorp/aws\"]",
      "instances": [
        {
          "schema_version": 0,
          "attributes": {
            "architectures": [
              "x86_64"
            ],
            "arn": "arn:aws:lambda:us-west-2:851725642392:function:vdt-results-processor-0xwzdd",
            "code_sha256": "UJO9CGJhvb8Po5Km1ZZV7gw1I3Ul3ufZ9CZ60ApTP7I=",
            "code_signing_config_arn": "",
            "dead_letter_config": [],
            "description": "",
            "environment": [
              {
                "variables": {
                  "CONNECTIONS_TABLE": "vdt-connections-0xwzdd",
                  "MIN_CONFIDENCE": "80",
                  "RESULTS_BUCKET": "vdt-results-0xwzdd",
                  "THREAT_ALERT_TOPIC": "arn:aws:sns:us-west-2:851725642392:vdt-alerts-0xwzdd",
                  "WEBSOCKET_API_ENDPOINT": "wss://ufdrenitih.execute-api.us-west-2.amazonaws.com/prod"
                }
              }
            ],
            "ephemeral_storage": [
              {
                "size": 512
              }
            ],
            "file_system_config": [],
            "filename": "./lambda_functions.zip",
            "function_name": "vdt-results-processor-0xwzdd",
            "handler": "results_processor.lambda_handler",
            "id": "vdt-results-processor-0xwzdd",
            "image_config": [],
            "image_uri": "",
            "invoke_arn": "arn:aws:apigateway:us-west-2:lambda:path/2015-03-31/functions/arn:aws:lambda:us-west-2:851725642392:function:vdt-results-processor-0xwzdd/invocations",
            "kms_key_arn": "",
            "last_modified": "2025-11-05T22:07:26.000+0000",
            "layers": [],
            "logging_config": [
              {
                "application_log_level": "",
                "log_format": "Text",
                "log_group": "/aws/lambda/vdt-results-processor-0xwzdd",
                "system_log_level": ""
              }
            ],
            "memory_size": 128,
            "package_type": "Zip",
            "publish": false,
            "qualified_arn": "arn:aws:lambda:us-west-2:851725642392:function:vdt-results-processor-0xwzdd:$LATEST",
            "qualified_invoke_arn": "arn:aws:apigateway:us-west-2:lambda:path/2015-03-31/functions/arn:aws:lambda:us-west-2:851725642392:function:vdt-results-processor-0xwzdd:$LATEST/invocations",
            "replace_security_groups_on_destroy": null,
            "replacement_security_group_ids": null,
            "reserved_concurrent_executions": -1,
            "role": "arn:aws:iam::851725642392:role/vdt-results-role-0xwzdd",
            "runtime": "python3.9",
            "s3_bucket": null,
            "s3_key": null,
            "s3_object_version": null,
            "signing_job_arn": "",
            "signing_profile_version_arn": "",
            "skip_destroy": false,
            "snap_start": [],
            "source_code_hash": "UJO9CGJhvb8Po5Km1ZZV7gw1I3Ul3ufZ9CZ60ApTP7I=",
            "source_code_size": 12723,
            "tags": {},
            "tags_all": {},
            "timeout": 300,
            "timeouts": null,
            "tracing_config": [
              {
                "mode": "PassThrough"
              }
            ],
            "version": "$LATEST",
            "vpc_config": []
          },
          "sensitive_attributes": [],
          "private": "eyJlMmJmYjczMC1lY2FhLTExZTYtOGY4OC0zNDM2M2JjN2M0YzAiOnsiY3JlYXRlIjo2MDAwMDAwMDAwMDAsImRlbGV0ZSI6NjAwMDAwMDAwMDAwLCJ1cGRhdGUiOjYwMDAwMDAwMDAwMH19",
          "dependencies": [
            "aws_apigatewayv2_api.websocket_api",
            "aws_apigatewayv2_stage.websocket_stage",
            "aws_dynamodb_table.websocket_connections",
            "aws_iam_role.lambda_results_role",
            "aws_s3_bucket.analysis_results",
            "aws_sns_topic.alerts",
            "data.archive_file.lambda_zip",
            "random_string.deployment_id"
          ]
        }
      ]
    },
    {
      "mode": "managed",
      "type": "aws_lambda_function",
      "name": "threat_analyzer",
      "provider": "provider[\"registry.terraform.io/hashicorp/aws\"]",
      "instances": [
        {
          "schema_version": 0,
          "attributes": {
            "architectures": [
              "x86_64"
            ],
            "arn": "arn:aws:lambda:us-west-2:851725642392:function:vdt-threat-analyzer-0xwzdd",
            "code_sha256": "UJO9CGJhvb8Po5Km1ZZV7gw1I3Ul3ufZ9CZ60ApTP7I=",
            "code_signing_config_arn": "",
            "dead_letter_config": [],
            "description": "",
            "environment": [
              {
                "variables": {
                  "CONNECTIONS_TABLE": "vdt-connections-0xwzdd",
                  "WEBSOCKET_API_ENDPOINT": "wss://ufdrenitih.execute-api.us-west-2.amazonaws.com/prod"
                }
              }
            ],
            "ephemeral_storage": [
              {
                "size": 512
              }
            ],
            "file_system_config": [],
            "filename": "./lambda_functions.zip",
            "function_name": "vdt-threat-analyzer-0xwzdd",
            "handler": "threat_analyzer.lambda_handler",
            "id": "vdt-threat-analyzer-0xwzdd",
            "image_config": [],
            "image_uri": "",
            "invoke_arn": "arn:aws:apigateway:us-west-2:lambda:path/2015-03-31/functions/arn:aws:lambda:us-west-2:851725642392:function:vdt-threat-analyzer-0xwzdd/invocations",
            "kms_key_arn": "",
            "last_modified": "2025-11-05T22:07:00.000+0000",
            "layers": [],
            "logging_config": [
              {
                "application_log_level": "",
                "log_format": "Text",
                "log_group": "/aws/lambda/vdt-threat-analyzer-0xwzdd",
                "system_log_level": ""
              }
            ],
            "memory_size": 1024,
            "package_type": "Zip",
            "publish": false,
            "qualified_arn": "arn:aws:lambda:us-west-2:851725642392:function:vdt-threat-analyzer-0xwzdd:$LATEST",
            "qualified_invoke_arn": "arn:aws:apigateway:us-west-2:lambda:path/2015-03-31/functions/arn:aws:lambda:us-west-2:851725642392:function:vdt-threat-analyzer-0xwzdd:$LATEST/invocations",
            "replace_security_groups_on_destroy": null,
            "replacement_security_group_ids": null,
            "reserved_concurrent_executions": -1,
            "role": "arn:aws:iam::851725642392:role/vdt-lambda-analysis-role-0xwzdd",
            "runtime": "python3.9",
            "s3_bucket": null,
            "s3_key": null,
            "s3_object_version": null,
            "signing_job_arn": "",
            "signing_profile_version_arn": "",
            "skip_destroy": false,
            "snap_start": [],
            "source_code_hash": "UJO9CGJhvb8Po5Km1ZZV7gw1I3Ul3ufZ9CZ60ApTP7I=",
            "source_code_size": 12723,
            "tags": {},
            "tags_all": {},
            "timeout": 300,
            "timeouts": null,
            "tracing_config": [
              {
                "mode": "PassThrough"
              }
            ],
            "version": "$LATEST",
            "vpc_config": []
          },
          "sensitive_attributes": [],
          "private": "eyJlMmJmYjczMC1lY2FhLTExZTYtOGY4OC0zNDM2M2JjN2M0YzAiOnsiY3JlYXRlIjo2MDAwMDAwMDAwMDAsImRlbGV0ZSI6NjAwMDAwMDAwMDAwLCJ1cGRhdGUiOjYwMDAwMDAwMDAwMH19",
          "dependencies": [
            "aws_apigatewayv2_api.websocket_api",
            "aws_apigatewayv2_stage.websocket_stage",
            "aws_dynamodb_table.websocket_connections",
            "aws_iam_role.lambda_analysis_role",
            "data.archive_file.lambda_zip",
            "random_string.deployment_id"
          ]
        }
      ]
    },
    {
      "mode": "managed",
      "type": "aws_lambda_function",
      "name": "video_processor",
      "provider": "provider[\"registry.terraform.io/hashicorp/aws\"]",
      "instances": [
        {
          "schema_version": 0,
          "attributes": {
            "architectures": [
              "x86_64"
            ],
            "arn": "arn:aws:lambda:us-west-2:851725642392:function:vdt-video-processor-0xwzdd",
            "code_sha256": "UJO9CGJhvb8Po5Km1ZZV7gw1I3Ul3ufZ9CZ60ApTP7I=",
            "code_signing_config_arn": "",
            "dead_letter_config": [],
            "description": "",
            "environment": [
              {
                "variables": {
                  "MIN_CONFIDENCE": "80",
                  "REKOGNITION_ROLE_ARN": "arn:aws:iam::851725642392:role/vdt-rekognition-role-0xwzdd",
                  "RESULTS_BUCKET": "vdt-results-0xwzdd",
                  "SNS_TOPIC_ARN": "arn:aws:sns:us-west-2:851725642392:vdt-completion-0xwzdd",
                  "THREAT_ALERT_TOPIC": "arn:aws:sns:us-west-2:851725642392:vdt-alerts-0xwzdd",
                  "WEBSOCKET_API_ENDPOINT": "wss://ufdrenitih.execute-api.us-west-2.amazonaws.com/prod"
                }
              }
            ],
            "ephemeral_storage": [
              {
                "size": 512
              }
            ],
            "file_system_config": [],
            "filename": "./lambda_functions.zip",
            "function_name": "vdt-video-processor-0xwzdd",
            "handler": "video_processor.lambda_handler",
            "id": "vdt-video-processor-0xwzdd",
            "image_config": [],
            "image_uri": "",
            "invoke_arn": "arn:aws:apigateway:us-west-2:lambda:path/2015-03-31/functions/arn:aws:lambda:us-west-2:851725642392:function:vdt-video-processor-0xwzdd/invocations",
            "kms_key_arn": "",
            "last_modified": "2025-11-05T22:07:20.000+0000",
            "layers": [],
            "logging_config": [
              {
                "application_log_level": "",
                "log_format": "Text",
                "log_group": "/aws/lambda/vdt-video-processor-0xwzdd",
                "system_log_level": ""
              }
            ],
            "memory_size": 128,
            "package_type": "Zip",
            "publish": false,
            "qualified_arn": "arn:aws:lambda:us-west-2:851725642392:function:vdt-video-processor-0xwzdd:$LATEST",
            "qualified_invoke_arn": "arn:aws:apigateway:us-west-2:lambda:path/2015-03-31/functions/arn:aws:lambda:us-west-2:851725642392:function:vdt-video-processor-0xwzdd:$LATEST/invocations",
            "replace_security_groups_on_destroy": null,
            "replacement_security_group_ids": null,
            "reserved_concurrent_executions": -1,
            "role": "arn:aws:iam::851725642392:role/vdt-video-role-0xwzdd",
            "runtime": "python3.9",
            "s3_bucket": null,
            "s3_key": null,
            "s3_object_version": null,
            "signing_job_arn": "",
            "signing_profile_version_arn": "",
            "skip_destroy": false,
            "snap_start": [],
            "source_code_hash": "UJO9CGJhvb8Po5Km1ZZV7gw1I3Ul3ufZ9CZ60ApTP7I=",
            "source_code_size": 12723,
            "tags": {},
            "tags_all": {},
            "timeout": 300,
            "timeouts": null,
            "tracing_config": [
              {
                "mode": "PassThrough"
              }
            ],
            "version": "$LATEST",
            "vpc_config": []
          },
          "sensitive_attributes": [],
          "private": "eyJlMmJmYjczMC1lY2FhLTExZTYtOGY4OC0zNDM2M2JjN2M0YzAiOnsiY3JlYXRlIjo2MDAwMDAwMDAwMDAsImRlbGV0ZSI6NjAwMDAwMDAwMDAwLCJ1cGRhdGUiOjYwMDAwMDAwMDAwMH19",
          "dependencies": [
            "aws_apigatewayv2_api.websocket_api",
            "aws_apigatewayv2_stage.websocket_stage",
            "aws_iam_role.lambda_video_role",
            "aws_iam_role.rekognition_role",
            "aws_s3_bucket.analysis_results",
            "aws_sns_topic.alerts",
            "aws_sns_topic.completion",
            "data.archive_file.lambda_zip",
            "random_string.deployment_id"
          ]
        }
      ]
    },
    {
      "mode": "managed",
      "type": "aws_lambda_function",
      "name": "websocket_connect",
      "provider": "provider[\"registry.terraform.io/hashicorp/aws\"]",
      "instances": [
        {
          "schema_version": 0,
          "attributes": {
            "architectures": [
              "x86_64"
            ],
            "arn": "arn:aws:lambda:us-west-2:851725642392:function:vdt-websocket-connect-0xwzdd",
            "code_sha256": "UJO9CGJhvb8Po5Km1ZZV7gw1I3Ul3ufZ9CZ60ApTP7I=",
            "code_signing_config_arn": "",
            "dead_letter_config": [],
            "description": "",
            "environment": [
              {
                "variables": {
                  "CONNECTIONS_TABLE": "vdt-connections-0xwzdd"
                }
              }
            ],
            "ephemeral_storage": [
              {
                "size": 512
              }
            ],
            "file_system_config": [],
            "filename": "./lambda_functions.zip",
            "function_name": "vdt-websocket-connect-0xwzdd",
            "handler": "websocket_connect.lambda_handler",
            "id": "vdt-websocket-connect-0xwzdd",
            "image_config": [],
            "image_uri": "",
            "invoke_arn": "arn:aws:apigateway:us-west-2:lambda:path/2015-03-31/functions/arn:aws:lambda:us-west-2:851725642392:function:vdt-websocket-connect-0xwzdd/invocations",
            "kms_key_arn": "",
            "last_modified": "2025-11-05T22:07:13.000+0000",
            "layers": [],
            "logging_config": [
              {
                "application_log_level": "",
                "log_format": "Text",
                "log_group": "/aws/lambda/vdt-websocket-connect-0xwzdd",
                "system_log_level": ""
              }
            ],
            "memory_size": 128,
            "package_type": "Zip",
            "publish": false,
            "qualified_arn": "arn:aws:lambda:us-west-2:851725642392:function:vdt-websocket-connect-0xwzdd:$LATEST",
            "qualified_invoke_arn": "arn:aws:apigateway:us-west-2:lambda:path/2015-03-31/functions/arn:aws:lambda:us-west-2:851725642392:function:vdt-websocket-connect-0xwzdd:$LATEST/invocations",
            "replace_security_groups_on_destroy": null,
            "replacement_security_group_ids": null,
            "reserved_concurrent_executions": -1,
            "role": "arn:aws:iam::851725642392:role/vdt-websocket-role-0xwzdd",
            "runtime": "python3.9",
            "s3_bucket": null,
            "s3_key": null,
            "s3_object_version": null,
            "signing_job_arn": "",
            "signing_profile_version_arn": "",
            "skip_destroy": false,
            "snap_start": [],
            "source_code_hash": "UJO9CGJhvb8Po5Km1ZZV7gw1I3Ul3ufZ9CZ60ApTP7I=",
            "source_code_size": 12723,
            "tags": {},
            "tags_all": {},
            "timeout": 30,
            "timeouts": null,
            "tracing_config": [
              {
                "mode": "PassThrough"
              }
            ],
            "version": "$LATEST",
            "vpc_config": []
          },
          "sensitive_attributes": [],
          "private": "eyJlMmJmYjczMC1lY2FhLTExZTYtOGY4OC0zNDM2M2JjN2M0YzAiOnsiY3JlYXRlIjo2MDAwMDAwMDAwMDAsImRlbGV0ZSI6NjAwMDAwMDAwMDAwLCJ1cGRhdGUiOjYwMDAwMDAwMDAwMH19",
          "dependencies": [
            "aws_dynamodb_table.websocket_connections",
            "aws_iam_role.websocket_lambda_role",
            "data.archive_file.lambda_zip",
            "random_string.deployment_id"
          ]
        }
      ]
    },
    {
      "mode": "managed",
      "type": "aws_lambda_function",
      "name": "websocket_disconnect",
      "provider": "provider[\"registry.terraform.io/hashicorp/aws\"]",
      "instances": [
        {
          "schema_version": 0,
          "attributes": {
            "architectures": [
              "x86_64"
            ],
            "arn": "arn:aws:lambda:us-west-2:851725642392:function:vdt-websocket-disconnect-0xwzdd",
            "code_sha256": "UJO9CGJhvb8Po5Km1ZZV7gw1I3Ul3ufZ9CZ60ApTP7I=",
            "code_signing_config_arn": "",
            "dead_letter_config": [],
            "description": "",
            "environment": [
              {
                "variables": {
                  "CONNECTIONS_TABLE": "vdt-connections-0xwzdd"
                }
              }
            ],
            "ephemeral_storage": [
              {
                "size": 512
              }
            ],
            "file_system_config": [],
            "filename": "./lambda_functions.zip",
            "function_name": "vdt-websocket-disconnect-0xwzdd",
            "handler": "websocket_disconnect.lambda_handler",
            "id": "vdt-websocket-disconnect-0xwzdd",
            "image_config": [],
            "image_uri": "",
            "invoke_arn": "arn:aws:apigateway:us-west-2:lambda:path/2015-03-31/functions/arn:aws:lambda:us-west-2:851725642392:function:vdt-websocket-disconnect-0xwzdd/invocations",
            "kms_key_arn": "",
            "last_modified": "2025-11-05T22:07:33.000+0000",
            "layers": [],
            "logging_config": [
              {
                "application_log_level": "",
                "log_format": "Text",
                "log_group": "/aws/lambda/vdt-websocket-disconnect-0xwzdd",
                "system_log_level": ""
              }
            ],
            "memory_size": 128,
            "package_type": "Zip",
            "publish": false,
            "qualified_arn": "arn:aws:lambda:us-west-2:851725642392:function:vdt-websocket-disconnect-0xwzdd:$LATEST",
            "qualified_invoke_arn": "arn:aws:apigateway:us-west-2:lambda:path/2015-03-31/functions/arn:aws:lambda:us-west-2:851725642392:function:vdt-websocket-disconnect-0xwzdd:$LATEST/invocations",
            "replace_security_groups_on_destroy": null,
            "replacement_security_group_ids": null,
            "reserved_concurrent_executions": -1,
            "role": "arn:aws:iam::851725642392:role/vdt-websocket-role-0xwzdd",
            "runtime": "python3.9",
            "s3_bucket": null,
            "s3_key": null,
            "s3_object_version": null,
            "signing_job_arn": "",
            "signing_profile_version_arn": "",
            "skip_destroy": false,
            "snap_start": [],
            "source_code_hash": "UJO9CGJhvb8Po5Km1ZZV7gw1I3Ul3ufZ9CZ60ApTP7I=",
            "source_code_size": 12723,
            "tags": {},
            "tags_all": {},
            "timeout": 30,
            "timeouts": null,
            "tracing_config": [
              {
                "mode": "PassThrough"
              }
            ],
            "version": "$LATEST",
            "vpc_config": []
          },
          "sensitive_attributes": [],
          "private": "eyJlMmJmYjczMC1lY2FhLTExZTYtOGY4OC0zNDM2M2JjN2M0YzAiOnsiY3JlYXRlIjo2MDAwMDAwMDAwMDAsImRlbGV0ZSI6NjAwMDAwMDAwMDAwLCJ1cGRhdGUiOjYwMDAwMDAwMDAwMH19",
          "dependencies": [
            "aws_dynamodb_table.websocket_connections",
            "aws_iam_role.websocket_lambda_role",
            "data.archive_file.lambda_zip",
            "random_string.deployment_id"
          ]
        }
      ]
    },
    {
      "mode": "managed",
      "type": "aws_lambda_permission",
      "name": "api_gw_lambda",
      "provider": "provider[\"registry.terraform.io/hashicorp/aws\"]",
      "instances": [
        {
          "schema_version": 0,
          "attributes": {
            "action": "lambda:InvokeFunction",
            "event_source_token": null,
            "function_name": "vdt-api-generator-0xwzdd",
            "function_url_auth_type": null,
            "id": "AllowExecutionFromAPIGateway",
            "principal": "apigateway.amazonaws.com",
            "principal_org_id": null,
            "qualifier": "",
            "source_account": null,
            "source_arn": "arn:aws:execute-api:us-west-2:851725642392:rgwh1nruq7/*/*",
            "statement_id": "AllowExecutionFromAPIGateway",
            "statement_id_prefix": ""
          },
          "sensitive_attributes": [],
          "private": "bnVsbA==",
          "dependencies": [
            "aws_api_gateway_rest_api.video_api",
            "aws_iam_role.lambda_api_role",
            "aws_lambda_function.presigned_url_generator",
            "aws_s3_bucket.video_uploads",
            "data.archive_file.lambda_zip",
            "random_string.deployment_id"
          ]
        }
      ]
    },
    {
      "mode": "managed",
      "type": "aws_lambda_permission",
      "name": "s3_invoke_threat_analyzer",
      "provider": "provider[\"registry.terraform.io/hashicorp/aws\"]",
      "instances": [
        {
          "schema_version": 0,
          "attributes": {
            "action": "lambda:InvokeFunction",
            "event_source_token": null,
            "function_name": "vdt-threat-analyzer-0xwzdd",
            "function_url_auth_type": null,
            "id": "AllowExecutionFromS3BucketThreatAnalyzer",
            "principal": "s3.amazonaws.com",
            "principal_org_id": null,
            "qualifier": "",
            "source_account": null,
            "source_arn": "arn:aws:s3:::vdt-uploads-0xwzdd",
            "statement_id": "AllowExecutionFromS3BucketThreatAnalyzer",
            "statement_id_prefix": ""
          },
          "sensitive_attributes": [],
          "private": "bnVsbA==",
          "dependencies": [
            "aws_apigatewayv2_api.websocket_api",
            "aws_apigatewayv2_stage.websocket_stage",
            "aws_dynamodb_table.websocket_connections",
            "aws_iam_role.lambda_analysis_role",
            "aws_lambda_function.threat_analyzer",
            "aws_s3_bucket.video_uploads",
            "data.archive_file.lambda_zip",
            "random_string.deployment_id"
          ]
        }
      ]
    },
    {
      "mode": "managed",
      "type": "aws_lambda_permission",
      "name": "s3_invoke_video_processor",
      "provider": "provider[\"registry.terraform.io/hashicorp/aws\"]",
      "instances": [
        {
          "schema_version": 0,
          "attributes": {
            "action": "lambda:InvokeFunction",
            "event_source_token": null,
            "function_name": "vdt-video-processor-0xwzdd",
            "function_url_auth_type": null,
            "id": "AllowExecutionFromS3Bucket",
            "principal": "s3.amazonaws.com",
            "principal_org_id": null,
            "qualifier": "",
            "source_account": null,
            "source_arn": "arn:aws:s3:::vdt-uploads-0xwzdd",
            "statement_id": "AllowExecutionFromS3Bucket",
            "statement_id_prefix": ""
          },
          "sensitive_attributes": [],
          "private": "bnVsbA==",
          "dependencies": [
            "aws_apigatewayv2_api.websocket_api",
            "aws_apigatewayv2_stage.websocket_stage",
            "aws_iam_role.lambda_video_role",
            "aws_iam_role.rekognition_role",
            "aws_lambda_function.video_processor",
            "aws_s3_bucket.analysis_results",
            "aws_s3_bucket.video_uploads",
            "aws_sns_topic.alerts",
            "aws_sns_topic.completion",
            "data.archive_file.lambda_zip",
            "random_string.deployment_id"
          ]
        }
      ]
    },
    {
      "mode": "managed",
      "type": "aws_lambda_permission",
      "name": "websocket_connect_permission",
      "provider": "provider[\"registry.terraform.io/hashicorp/aws\"]",
      "instances": [
        {
          "schema_version": 0,
          "attributes": {
            "action": "lambda:InvokeFunction",
            "event_source_token": null,
            "function_name": "vdt-websocket-connect-0xwzdd",
            "function_url_auth_type": null,
            "id": "AllowExecutionFromAPIGateway",
            "principal": "apigateway.amazonaws.com",
            "principal_org_id": null,
            "qualifier": "",
            "source_account": null,
            "source_arn": "arn:aws:execute-api:us-west-2:851725642392:ufdrenitih/*/*",
            "statement_id": "AllowExecutionFromAPIGateway",
            "statement_id_prefix": ""
          },
          "sensitive_attributes": [],
          "private": "bnVsbA==",
          "dependencies": [
            "aws_apigatewayv2_api.websocket_api",
            "aws_dynamodb_table.websocket_connections",
            "aws_iam_role.websocket_lambda_role",
            "aws_lambda_function.websocket_connect",
            "data.archive_file.lambda_zip",
            "random_string.deployment_id"
          ]
        }
      ]
    },
    {
      "mode": "managed",
      "type": "aws_lambda_permission",
      "name": "websocket_disconnect_permission",
      "provider": "provider[\"registry.terraform.io/hashicorp/aws\"]",
      "instances": [
        {
          "schema_version": 0,
          "attributes": {
            "action": "lambda:InvokeFunction",
            "event_source_token": null,
            "function_name": "vdt-websocket-disconnect-0xwzdd",
            "function_url_auth_type": null,
            "id": "AllowExecutionFromAPIGateway",
            "principal": "apigateway.amazonaws.com",
            "principal_org_id": null,
            "qualifier": "",
            "source_account": null,
            "source_arn": "arn:aws:execute-api:us-west-2:851725642392:ufdrenitih/*/*",
            "statement_id": "AllowExecutionFromAPIGateway",
            "statement_id_prefix": ""
          },
          "sensitive_attributes": [],
          "private": "bnVsbA==",
          "dependencies": [
            "aws_apigatewayv2_api.websocket_api",
            "aws_dynamodb_table.websocket_connections",
            "aws_iam_role.websocket_lambda_role",
            "aws_lambda_function.websocket_disconnect",
            "data.archive_file.lambda_zip",
            "random_string.deployment_id"
          ]
        }
      ]
    },
    {
      "mode": "managed",
      "type": "aws_s3_bucket",
      "name": "analysis_results",
      "provider": "provider[\"registry.terraform.io/hashicorp/aws\"]",
      "instances": [
        {
          "schema_version": 0,
          "attributes": {
            "acceleration_status": "",
            "acl": null,
            "arn": "arn:aws:s3:::vdt-results-0xwzdd",
            "bucket": "vdt-results-0xwzdd",
            "bucket_domain_name": "vdt-results-0xwzdd.s3.amazonaws.com",
            "bucket_prefix": "",
            "bucket_regional_domain_name": "vdt-results-0xwzdd.s3.us-west-2.amazonaws.com",
            "cors_rule": [],
            "force_destroy": true,
            "grant": [
              {
                "id": "17ec6161b9b0ab49b5c5b1ba7ff4a0b41f93adaf9327005c57e423dea9a74d07",
                "permissions": [
                  "FULL_CONTROL"
                ],
                "type": "CanonicalUser",
                "uri": ""
              }
            ],
            "hosted_zone_id": "Z3BJ6K6RIION7M",
            "id": "vdt-results-0xwzdd",
            "lifecycle_rule": [],
            "logging": [],
            "object_lock_configuration": [],
            "object_lock_enabled": false,
            "policy": "",
            "region": "us-west-2",
            "replication_configuration": [],
            "request_payer": "BucketOwner",
            "server_side_encryption_configuration": [
              {
                "rule": [
                  {
                    "apply_server_side_encryption_by_default": [
                      {
                        "kms_master_key_id": "",
                        "sse_algorithm": "AES256"
                      }
                    ],
                    "bucket_key_enabled": false
                  }
                ]
              }
            ],
            "tags": {
              "Environment": "dev",
              "Name": "Analysis Results Bucket",
              "Project": "video-threat-detection"
            },
            "tags_all": {
              "Environment": "dev",
              "Name": "Analysis Results Bucket",
              "Project": "video-threat-detection"
            },
            "timeouts": null,
            "versioning": [
              {
                "enabled": false,
                "mfa_delete": false
              }
            ],
            "website": [],
            "website_domain": null,
            "website_endpoint": null
          },
          "sensitive_attributes": [],
          "private": "eyJlMmJmYjczMC1lY2FhLTExZTYtOGY4OC0zNDM2M2JjN2M0YzAiOnsiY3JlYXRlIjoxMjAwMDAwMDAwMDAwLCJkZWxldGUiOjM2MDAwMDAwMDAwMDAsInJlYWQiOjEyMDAwMDAwMDAwMDAsInVwZGF0ZSI6MTIwMDAwMDAwMDAwMH19",
          "dependencies": [
            "random_string.deployment_id"
          ]
        }
      ]
    },
    {
      "mode": "managed",
      "type": "aws_s3_bucket",
      "name": "frontend_web",
      "provider": "provider[\"registry.terraform.io/hashicorp/aws\"]",
      "instances": [
        {
          "schema_version": 0,
          "attributes": {
            "acceleration_status": "",
            "acl": null,
            "arn": "arn:aws:s3:::vdt-web-0xwzdd",
            "bucket": "vdt-web-0xwzdd",
            "bucket_domain_name": "vdt-web-0xwzdd.s3.amazonaws.com",
            "bucket_prefix": "",
            "bucket_regional_domain_name": "vdt-web-0xwzdd.s3.us-west-2.amazonaws.com",
            "cors_rule": [],
            "force_destroy": true,
            "grant": [
              {
                "id": "17ec6161b9b0ab49b5c5b1ba7ff4a0b41f93adaf9327005c57e423dea9a74d07",
                "permissions": [
                  "FULL_CONTROL"
                ],
                "type": "CanonicalUser",
                "uri": ""
              }
            ],
            "hosted_zone_id": "Z3BJ6K6RIION7M",
            "id": "vdt-web-0xwzdd",
            "lifecycle_rule": [],
            "logging": [],
            "object_lock_configuration": [],
            "object_lock_enabled": false,
            "policy": "{\"Statement\":[{\"Action\":\"s3:GetObject\",\"Effect\":\"Allow\",\"Principal\":\"*\",\"Resource\":\"arn:aws:s3:::vdt-web-0xwzdd/*\"}],\"Version\":\"2012-10-17\"}",
            "region": "us-west-2",
            "replication_configuration": [],
            "request_payer": "BucketOwner",
            "server_side_encryption_configuration": [
              {
                "rule": [
                  {
                    "apply_server_side_encryption_by_default": [
                      {
                        "kms_master_key_id": "",
                        "sse_algorithm": "AES256"
                      }
                    ],
                    "bucket_key_enabled": false
                  }
                ]
              }
            ],
            "tags": {
              "Environment": "dev",
              "Name": "Frontend Hosting Bucket",
              "Project": "video-threat-detection"
            },
            "tags_all": {
              "Environment": "dev",
              "Name": "Frontend Hosting Bucket",
              "Project": "video-threat-detection"
            },
            "timeouts": null,
            "versioning": [
              {
                "enabled": false,
                "mfa_delete": false
              }
            ],
            "website": [
              {
                "error_document": "error.html",
                "index_document": "index.html",
                "redirect_all_requests_to": "",
                "routing_rules": ""
              }
            ],
            "website_domain": "s3-website-us-west-2.amazonaws.com",
            "website_endpoint": "vdt-web-0xwzdd.s3-website-us-west-2.amazonaws.com"
          },
          "sensitive_attributes": [],
          "private": "eyJlMmJmYjczMC1lY2FhLTExZTYtOGY4OC0zNDM2M2JjN2M0YzAiOnsiY3JlYXRlIjoxMjAwMDAwMDAwMDAwLCJkZWxldGUiOjM2MDAwMDAwMDAwMDAsInJlYWQiOjEyMDAwMDAwMDAwMDAsInVwZGF0ZSI6MTIwMDAwMDAwMDAwMH19",
          "dependencies": [
            "random_string.deployment_id"
          ]
        }
      ]
    },
    {
      "mode": "managed",
      "type": "aws_s3_bucket",
      "name": "video_uploads",
      "provider": "provider[\"registry.terraform.io/hashicorp/aws\"]",
      "instances": [
        {
          "schema_version": 0,
          "attributes": {
            "acceleration_status": "",
            "acl": null,
            "arn": "arn:aws:s3:::vdt-uploads-0xwzdd",
            "bucket": "vdt-uploads-0xwzdd",
            "bucket_domain_name": "vdt-uploads-0xwzdd.s3.amazonaws.com",
            "bucket_prefix": "",
            "bucket_regional_domain_name": "vdt-uploads-0xwzdd.s3.us-west-2.amazonaws.com",
            "cors_rule": [
              {
                "allowed_headers": [
                  "*"
                ],
                "allowed_methods": [
                  "POST",
                  "GET",
                  "HEAD",
                  "DELETE",
                  "PUT"
                ],
                "allowed_origins": [
                  "*"
                ],
                "expose_headers": [
                  "ETag",
                  "x-amz-request-id",
                  "x-amz-id-2"
                ],
                "max_age_seconds": 3600
              }
            ],
            "force_destroy": true,
            "grant": [
              {
                "id": "17ec6161b9b0ab49b5c5b1ba7ff4a0b41f93adaf9327005c57e423dea9a74d07",
                "permissions": [
                  "FULL_CONTROL"
                ],
                "type": "CanonicalUser",
                "uri": ""
              }
            ],
            "hosted_zone_id": "Z3BJ6K6RIION7M",
            "id": "vdt-uploads-0xwzdd",
            "lifecycle_rule": [],
            "logging": [],
            "object_lock_configuration": [],
            "object_lock_enabled": false,
            "policy": "",
            "region": "us-west-2",
            "replication_configuration": [],
            "request_payer": "BucketOwner",
            "server_side_encryption_configuration": [
              {
                "rule": [
                  {
                    "apply_server_side_encryption_by_default": [
                      {
                        "kms_master_key_id": "",
                        "sse_algorithm": "AES256"
                      }
                    ],
                    "bucket_key_enabled": false
                  }
                ]
              }
            ],
            "tags": {
              "Environment": "dev",
              "Name": "Video Upload Bucket",
              "Project": "video-threat-detection"
            },
            "tags_all": {
              "Environment": "dev",
              "Name": "Video Upload Bucket",
              "Project": "video-threat-detection"
            },
            "timeouts": null,
            "versioning": [
              {
                "enabled": false,
                "mfa_delete": false
              }
            ],
            "website": [],
            "website_domain": null,
            "website_endpoint": null
          },
          "sensitive_attributes": [],
          "private": "eyJlMmJmYjczMC1lY2FhLTExZTYtOGY4OC0zNDM2M2JjN2M0YzAiOnsiY3JlYXRlIjoxMjAwMDAwMDAwMDAwLCJkZWxldGUiOjM2MDAwMDAwMDAwMDAsInJlYWQiOjEyMDAwMDAwMDAwMDAsInVwZGF0ZSI6MTIwMDAwMDAwMDAwMH19",
          "dependencies": [
            "random_string.deployment_id"
          ],
          "create_before_destroy": true
        }
      ]
    },
    {
      "mode": "managed",
      "type": "aws_s3_bucket_cors_configuration",
      "name": "video_upload_cors",
      "provider": "provider[\"registry.terraform.io/hashicorp/aws\"]",
      "instances": [
        {
          "schema_version": 0,
          "attributes": {
            "bucket": "vdt-uploads-0xwzdd",
            "cors_rule": [
              {
                "allowed_headers": [
                  "*"
                ],
                "allowed_methods": [
                  "DELETE",
                  "GET",
                  "HEAD",
                  "POST",
                  "PUT"
                ],
                "allowed_origins": [
                  "*"
                ],
                "expose_headers": [
                  "ETag",
                  "x-amz-id-2",
                  "x-amz-request-id"
                ],
                "id": "",
                "max_age_seconds": 3600
              }
            ],
            "expected_bucket_owner": "",
            "id": "vdt-uploads-0xwzdd"
          },
          "sensitive_attributes": [],
          "private": "bnVsbA==",
          "dependencies": [
            "aws_s3_bucket.video_uploads",
            "random_string.deployment_id"
          ]
        }
      ]
    },
    {
      "mode": "managed",
      "type": "aws_s3_bucket_notification",
      "name": "video_upload_notification",
      "provider": "provider[\"registry.terraform.io/hashicorp/aws\"]",
      "instances": [
        {
          "schema_version": 0,
          "attributes": {
            "bucket": "vdt-uploads-0xwzdd",
            "eventbridge": false,
            "id": "vdt-uploads-0xwzdd",
            "lambda_function": [
              {
                "events": [
                  "s3:ObjectCreated:*"
                ],
                "filter_prefix": "videos/",
                "filter_suffix": "",
                "id": "ThreatAnalyzerTrigger",
                "lambda_function_arn": "arn:aws:lambda:us-west-2:851725642392:function:vdt-threat-analyzer-0xwzdd"
              }
            ],
            "queue": [],
            "topic": []
          },
          "sensitive_attributes": [],
          "private": "bnVsbA==",
          "dependencies": [
            "aws_apigatewayv2_api.websocket_api",
            "aws_apigatewayv2_stage.websocket_stage",
            "aws_dynamodb_table.websocket_connections",
            "aws_iam_role.lambda_analysis_role",
            "aws_iam_role.lambda_video_role",
            "aws_iam_role.rekognition_role",
            "aws_lambda_function.threat_analyzer",
            "aws_lambda_function.video_processor",
            "aws_lambda_permission.s3_invoke_threat_analyzer",
            "aws_lambda_permission.s3_invoke_video_processor",
            "aws_s3_bucket.analysis_results",
            "aws_s3_bucket.video_uploads",
            "aws_sns_topic.alerts",
            "aws_sns_topic.completion",
            "data.archive_file.lambda_zip",
            "random_string.deployment_id"
          ]
        }
      ]
    },
    {
      "mode": "managed",
      "type": "aws_s3_bucket_policy",
      "name": "frontend_policy",
      "provider": "provider[\"registry.terraform.io/hashicorp/aws\"]",
      "instances": [
        {
          "schema_version": 0,
          "attributes": {
            "bucket": "vdt-web-0xwzdd",
            "id": "vdt-web-0xwzdd",
            "policy": "{\"Statement\":[{\"Action\":[\"s3:GetObject\"],\"Effect\":\"Allow\",\"Principal\":\"*\",\"Resource\":\"arn:aws:s3:::vdt-web-0xwzdd/*\"}],\"Version\":\"2012-10-17\"}"
          },
          "sensitive_attributes": [],
          "private": "bnVsbA==",
          "dependencies": [
            "aws_s3_bucket.frontend_web",
            "aws_s3_bucket_public_access_block.frontend_access",
            "random_string.deployment_id"
          ]
        }
      ]
    },
    {
      "mode": "managed",
      "type": "aws_s3_bucket_public_access_block",
      "name": "frontend_access",
      "provider": "provider[\"registry.terraform.io/hashicorp/aws\"]",
      "instances": [
        {
          "schema_version": 0,
          "attributes": {
            "block_public_acls": false,
            "block_public_policy": false,
            "bucket": "vdt-web-0xwzdd",
            "id": "vdt-web-0xwzdd",
            "ignore_public_acls": false,
            "restrict_public_buckets": false
          },
          "sensitive_attributes": [],
          "private": "bnVsbA==",
          "dependencies": [
            "aws_s3_bucket.frontend_web",
            "random_string.deployment_id"
          ]
        }
      ]
    },
    {
      "mode": "managed",
      "type": "aws_s3_bucket_website_configuration",
      "name": "frontend_config",
      "provider": "provider[\"registry.terraform.io/hashicorp/aws\"]",
      "instances": [
        {
          "schema_version": 0,
          "attributes": {
            "bucket": "vdt-web-0xwzdd",
            "error_document": [
              {
                "key": "error.html"
              }
            ],
            "expected_bucket_owner": "",
            "id": "vdt-web-0xwzdd",
            "index_document": [
              {
                "suffix": "index.html"
              }
            ],
            "redirect_all_requests_to": [],
            "routing_rule": [],
            "routing_rules": "",
            "website_domain": "s3-website-us-west-2.amazonaws.com",
            "website_endpoint": "vdt-web-0xwzdd.s3-website-us-west-2.amazonaws.com"
          },
          "sensitive_attributes": [],
          "private": "bnVsbA==",
          "dependencies": [
            "aws_s3_bucket.frontend_web",
            "random_string.deployment_id"
          ]
        }
      ]
    },
    {
      "mode": "managed",
      "type": "aws_sns_topic",
      "name": "alerts",
      "provider": "provider[\"registry.terraform.io/hashicorp/aws\"]",
      "instances": [
        {
          "schema_version": 0,
          "attributes": {
            "application_failure_feedback_role_arn": "",
            "application_success_feedback_role_arn": "",
            "application_success_feedback_sample_rate": 0,
            "archive_policy": "",
            "arn": "arn:aws:sns:us-west-2:851725642392:vdt-alerts-0xwzdd",
            "beginning_archive_time": "",
            "content_based_deduplication": false,
            "delivery_policy": "",
            "display_name": "",
            "fifo_throughput_scope": "",
            "fifo_topic": false,
            "firehose_failure_feedback_role_arn": "",
            "firehose_success_feedback_role_arn": "",
            "firehose_success_feedback_sample_rate": 0,
            "http_failure_feedback_role_arn": "",
            "http_success_feedback_role_arn": "",
            "http_success_feedback_sample_rate": 0,
            "id": "arn:aws:sns:us-west-2:851725642392:vdt-alerts-0xwzdd",
            "kms_master_key_id": "",
            "lambda_failure_feedback_role_arn": "",
            "lambda_success_feedback_role_arn": "",
            "lambda_success_feedback_sample_rate": 0,
            "name": "vdt-alerts-0xwzdd",
            "name_prefix": "",
            "owner": "851725642392",
            "policy": "{\"Id\":\"__default_policy_ID\",\"Statement\":[{\"Action\":[\"SNS:GetTopicAttributes\",\"SNS:SetTopicAttributes\",\"SNS:AddPermission\",\"SNS:RemovePermission\",\"SNS:DeleteTopic\",\"SNS:Subscribe\",\"SNS:ListSubscriptionsByTopic\",\"SNS:Publish\"],\"Condition\":{\"StringEquals\":{\"AWS:SourceOwner\":\"851725642392\"}},\"Effect\":\"Allow\",\"Principal\":{\"AWS\":\"*\"},\"Resource\":\"arn:aws:sns:us-west-2:851725642392:vdt-alerts-0xwzdd\",\"Sid\":\"__default_statement_ID\"}],\"Version\":\"2008-10-17\"}",
            "signature_version": 0,
            "sqs_failure_feedback_role_arn": "",
            "sqs_success_feedback_role_arn": "",
            "sqs_success_feedback_sample_rate": 0,
            "tags": {
              "Environment": "dev",
              "Project": "video-threat-detection"
            },
            "tags_all": {
              "Environment": "dev",
              "Project": "video-threat-detection"
            },
            "tracing_config": ""
          },
          "sensitive_attributes": [],
          "private": "bnVsbA==",
          "dependencies": [
            "random_string.deployment_id"
          ]
        }
      ]
    },
    {
      "mode": "managed",
      "type": "aws_sns_topic",
      "name": "completion",
      "provider": "provider[\"registry.terraform.io/hashicorp/aws\"]",
      "instances": [
        {
          "schema_version": 0,
          "attributes": {
            "application_failure_feedback_role_arn": "",
            "application_success_feedback_role_arn": "",
            "application_success_feedback_sample_rate": 0,
            "archive_policy": "",
            "arn": "arn:aws:sns:us-west-2:851725642392:vdt-completion-0xwzdd",
            "beginning_archive_time": "",
            "content_based_deduplication": false,
            "delivery_policy": "",
            "display_name": "",
            "fifo_throughput_scope": "",
            "fifo_topic": false,
            "firehose_failure_feedback_role_arn": "",
            "firehose_success_feedback_role_arn": "",
            "firehose_success_feedback_sample_rate": 0,
            "http_failure_feedback_role_arn": "",
            "http_success_feedback_role_arn": "",
            "http_success_feedback_sample_rate": 0,
            "id": "arn:aws:sns:us-west-2:851725642392:vdt-completion-0xwzdd",
            "kms_master_key_id": "",
            "lambda_failure_feedback_role_arn": "",
            "lambda_success_feedback_role_arn": "",
            "lambda_success_feedback_sample_rate": 0,
            "name": "vdt-completion-0xwzdd",
            "name_prefix": "",
            "owner": "851725642392",
            "policy": "{\"Id\":\"__default_policy_ID\",\"Statement\":[{\"Action\":[\"SNS:GetTopicAttributes\",\"SNS:SetTopicAttributes\",\"SNS:AddPermission\",\"SNS:RemovePermission\",\"SNS:DeleteTopic\",\"SNS:Subscribe\",\"SNS:ListSubscriptionsByTopic\",\"SNS:Publish\"],\"Condition\":{\"StringEquals\":{\"AWS:SourceOwner\":\"851725642392\"}},\"Effect\":\"Allow\",\"Principal\":{\"AWS\":\"*\"},\"Resource\":\"arn:aws:sns:us-west-2:851725642392:vdt-completion-0xwzdd\",\"Sid\":\"__default_statement_ID\"}],\"Version\":\"2008-10-17\"}",
            "signature_version": 0,
            "sqs_failure_feedback_role_arn": "",
            "sqs_success_feedback_role_arn": "",
            "sqs_success_feedback_sample_rate": 0,
            "tags": {
              "Environment": "dev",
              "Project": "video-threat-detection"
            },
            "tags_all": {
              "Environment": "dev",
              "Project": "video-threat-detection"
            },
            "tracing_config": ""
          },
          "sensitive_attributes": [],
          "private": "bnVsbA==",
          "dependencies": [
            "random_string.deployment_id"
          ]
        }
      ]
    },
    {
      "mode": "managed",
      "type": "aws_sns_topic_subscription",
      "name": "completion_to_queue",
      "provider": "provider[\"registry.terraform.io/hashicorp/aws\"]",
      "instances": [
        {
          "schema_version": 0,
          "attributes": {
            "arn": "arn:aws:sns:us-west-2:851725642392:vdt-completion-0xwzdd:993ebf97-9c90-4eff-a0dd-1ff603f8aae2",
            "confirmation_timeout_in_minutes": 1,
            "confirmation_was_authenticated": true,
            "delivery_policy": "",
            "endpoint": "arn:aws:sqs:us-west-2:851725642392:vdt-queue-0xwzdd",
            "endpoint_auto_confirms": false,
            "filter_policy": "",
            "filter_policy_scope": "",
            "id": "arn:aws:sns:us-west-2:851725642392:vdt-completion-0xwzdd:993ebf97-9c90-4eff-a0dd-1ff603f8aae2",
            "owner_id": "851725642392",
            "pending_confirmation": false,
            "protocol": "sqs",
            "raw_message_delivery": false,
            "redrive_policy": "",
            "replay_policy": "",
            "subscription_role_arn": "",
            "topic_arn": "arn:aws:sns:us-west-2:851725642392:vdt-completion-0xwzdd"
          },
          "sensitive_attributes": [],
          "private": "bnVsbA==",
          "dependencies": [
            "aws_sns_topic.completion",
            "aws_sqs_queue.results_queue",
            "random_string.deployment_id"
          ]
        }
      ]
    },
    {
      "mode": "managed",
      "type": "aws_sqs_queue",
      "name": "results_queue",
      "provider": "provider[\"registry.terraform.io/hashicorp/aws\"]",
      "instances": [
        {
          "schema_version": 0,
          "attributes": {
            "arn": "arn:aws:sqs:us-west-2:851725642392:vdt-queue-0xwzdd",
            "content_based_deduplication": false,
            "deduplication_scope": "",
            "delay_seconds": 0,
            "fifo_queue": false,
            "fifo_throughput_limit": "",
            "id": "https://sqs.us-west-2.amazonaws.com/851725642392/vdt-queue-0xwzdd",
            "kms_data_key_reuse_period_seconds": 300,
            "kms_master_key_id": "",
            "max_message_size": 262144,
            "message_retention_seconds": 1209600,
            "name": "vdt-queue-0xwzdd",
            "name_prefix": "",
            "policy": "{\"Statement\":[{\"Action\":\"sqs:SendMessage\",\"Condition\":{\"ArnEquals\":{\"aws:SourceArn\":\"arn:aws:sns:us-west-2:851725642392:vdt-completion-0xwzdd\"}},\"Effect\":\"Allow\",\"Principal\":{\"Service\":\"sns.amazonaws.com\"},\"Resource\":\"arn:aws:sqs:us-west-2:851725642392:vdt-queue-0xwzdd\"}],\"Version\":\"2012-10-17\"}",
            "receive_wait_time_seconds": 0,
            "redrive_allow_policy": "",
            "redrive_policy": "",
            "sqs_managed_sse_enabled": true,
            "tags": {
              "Environment": "dev",
              "Project": "video-threat-detection"
            },
            "tags_all": {
              "Environment": "dev",
              "Project": "video-threat-detection"
            },
            "timeouts": null,
            "url": "https://sqs.us-west-2.amazonaws.com/851725642392/vdt-queue-0xwzdd",
            "visibility_timeout_seconds": 300
          },
          "sensitive_attributes": [],
          "private": "eyJlMmJmYjczMC1lY2FhLTExZTYtOGY4OC0zNDM2M2JjN2M0YzAiOnsiY3JlYXRlIjoxODAwMDAwMDAwMDAsImRlbGV0ZSI6MTgwMDAwMDAwMDAwLCJ1cGRhdGUiOjE4MDAwMDAwMDAwMH19",
          "dependencies": [
            "random_string.deployment_id"
          ]
        }
      ]
    },
    {
      "mode": "managed",
      "type": "aws_sqs_queue_policy",
      "name": "queue_policy",
      "provider": "provider[\"registry.terraform.io/hashicorp/aws\"]",
      "instances": [
        {
          "schema_version": 1,
          "attributes": {
            "id": "https://sqs.us-west-2.amazonaws.com/851725642392/vdt-queue-0xwzdd",
            "policy": "{\"Statement\":[{\"Action\":\"sqs:SendMessage\",\"Condition\":{\"ArnEquals\":{\"aws:SourceArn\":\"arn:aws:sns:us-west-2:851725642392:vdt-completion-0xwzdd\"}},\"Effect\":\"Allow\",\"Principal\":{\"Service\":\"sns.amazonaws.com\"},\"Resource\":\"arn:aws:sqs:us-west-2:851725642392:vdt-queue-0xwzdd\"}],\"Version\":\"2012-10-17\"}",
            "queue_url": "https://sqs.us-west-2.amazonaws.com/851725642392/vdt-queue-0xwzdd"
          },
          "sensitive_attributes": [],
          "private": "eyJzY2hlbWFfdmVyc2lvbiI6IjEifQ==",
          "dependencies": [
            "aws_sns_topic.completion",
            "aws_sqs_queue.results_queue",
            "random_string.deployment_id"
          ]
        }
      ]
    },
    {
      "mode": "managed",
      "type": "random_string",
      "name": "deployment_id",
      "provider": "provider[\"registry.terraform.io/hashicorp/random\"]",
      "instances": [
        {
          "schema_version": 2,
          "attributes": {
            "id": "0xwzdd",
            "keepers": null,
            "length": 6,
            "lower": true,
            "min_lower": 0,
            "min_numeric": 0,
            "min_special": 0,
            "min_upper": 0,
            "number": true,
            "numeric": true,
            "override_special": null,
            "result": "0xwzdd",
            "special": false,
            "upper": false
          },
          "sensitive_attributes": [],
          "create_before_destroy": true
        }
      ]
    }
  ],
  "check_results": null
}
